// !$*UTF8*$!
{
	archiveVersion = 1;
	classes = {
	};
	objectVersion = 56;
	objects = {

/* Begin PBXBuildFile section */
		01E841AC7DA27A19B18FA460 /* AddPlaceBuilder.swift in Sources */ = {isa = PBXBuildFile; fileRef = 6D0A6B73EB276D5B7C47C018 /* AddPlaceBuilder.swift */; };
		082089B7A9D25203031384D5 /* AddExcursionModuleIO.swift in Sources */ = {isa = PBXBuildFile; fileRef = 28C3A76D9F4A28A120949735 /* AddExcursionModuleIO.swift */; };
		0847232626A75B9FF101F402 /* ProfileViewIO.swift in Sources */ = {isa = PBXBuildFile; fileRef = 1025773E08D8C66DE4E8F7C0 /* ProfileViewIO.swift */; };
		0CDD72663D40FC7741EC5506 /* AddPlaceViewIO.swift in Sources */ = {isa = PBXBuildFile; fileRef = 4EC67223F3D7D3CF1456365D /* AddPlaceViewIO.swift */; };
		0F421E73CE8F4E9691E36D01 /* AddExcursionViewController.swift in Sources */ = {isa = PBXBuildFile; fileRef = 6C070CC38B9431BEF26E6225 /* AddExcursionViewController.swift */; };
		10F870708172AC94BED055CD /* FavouritesExcursionsViewIO.swift in Sources */ = {isa = PBXBuildFile; fileRef = 85C82DD792DA4E1DFF0CE66A /* FavouritesExcursionsViewIO.swift */; };
		147E3B43F41E35D149EB3E41 /* ProfileViewController.swift in Sources */ = {isa = PBXBuildFile; fileRef = 17FE2736BBBE69AB8C7C2BB5 /* ProfileViewController.swift */; };
		1BA129F43D29AA20BFC95E44 /* Pods_PROGulky_PROGulkyUITests.framework in Frameworks */ = {isa = PBXBuildFile; fileRef = 196CD9E7D60C62C707DE1A28 /* Pods_PROGulky_PROGulkyUITests.framework */; };
		1CBF00DD0C0FABDE6D041683 /* FavouritesExcursionsRouter.swift in Sources */ = {isa = PBXBuildFile; fileRef = 4B8EB9872675216E283DA2C9 /* FavouritesExcursionsRouter.swift */; };
		1D19F4AB810FE4440C1F30EF /* ExcursionsListRouter.swift in Sources */ = {isa = PBXBuildFile; fileRef = DBDDCCBBEC388912A426587C /* ExcursionsListRouter.swift */; };
		23D03DB6FC1C2101E327923A /* ExcursionsListPresenter.swift in Sources */ = {isa = PBXBuildFile; fileRef = 35E4CDB118F933820C3DD4A3 /* ExcursionsListPresenter.swift */; };
		25870E6F8BEFEB2F31531204 /* DetailPlaceRouter.swift in Sources */ = {isa = PBXBuildFile; fileRef = E94396705F19CF16A69DE045 /* DetailPlaceRouter.swift */; };
		299510472DBF964EB8EA7653 /* AddExcursionRouter.swift in Sources */ = {isa = PBXBuildFile; fileRef = 539079D5625F18BF3BB5D1B0 /* AddExcursionRouter.swift */; };
		2B1C02734BC120EC3252A924 /* DetailPlaceInteractor.swift in Sources */ = {isa = PBXBuildFile; fileRef = EE2EA98119440C4C56329D11 /* DetailPlaceInteractor.swift */; };
		32D4B819311BDCB18E162ECF /* AddExcursionBuilder.swift in Sources */ = {isa = PBXBuildFile; fileRef = 52697DF6ECE8C9DFEB65C474 /* AddExcursionBuilder.swift */; };
		36C36310E3B7177102A045F2 /* DetailPlaceViewIO.swift in Sources */ = {isa = PBXBuildFile; fileRef = EC533E1C6329DC4D34A545D4 /* DetailPlaceViewIO.swift */; };
		39F7D4E76F289DB67B886E4F /* DetailPlaceViewController.swift in Sources */ = {isa = PBXBuildFile; fileRef = 30133C3588D7FEC2858EFA2E /* DetailPlaceViewController.swift */; };
		3F5656DA5D90C769DFA30064 /* DetailExcursionModuleIO.swift in Sources */ = {isa = PBXBuildFile; fileRef = 7977E1C3C99EF3BAE96BF607 /* DetailExcursionModuleIO.swift */; };
		41F7A17B895BE5DF38BCC83C /* ExcursionsListModuleIO.swift in Sources */ = {isa = PBXBuildFile; fileRef = EBB06260EF44A16D361201C7 /* ExcursionsListModuleIO.swift */; };
		4CC686E424266FF8BF1249B4 /* AddPlaceInteractor.swift in Sources */ = {isa = PBXBuildFile; fileRef = D44CE83535DB6291F0A61EB0 /* AddPlaceInteractor.swift */; };
		4D431C4CFA090AAF737BFDA6 /* DetailExcursionInteractor.swift in Sources */ = {isa = PBXBuildFile; fileRef = DC3316B51118FB579813E7D6 /* DetailExcursionInteractor.swift */; };
		4F067BBCAC8AC547A90F181F /* DetailExcursionRouterInput.swift in Sources */ = {isa = PBXBuildFile; fileRef = 0AB897EAECCE498337BC4ECB /* DetailExcursionRouterInput.swift */; };
		4FF78E5B66DB288D78967914 /* ExcursionsListInteractorIO.swift in Sources */ = {isa = PBXBuildFile; fileRef = 86D28233730CF25DD0C0AD76 /* ExcursionsListInteractorIO.swift */; };
		527308AC21EE31AD2021C736 /* ProfilePresenter.swift in Sources */ = {isa = PBXBuildFile; fileRef = D3913E1F7ACBA08F04736A7B /* ProfilePresenter.swift */; };
		5402F408D6CF6940CF013078 /* DetailExcursionInteractorIO.swift in Sources */ = {isa = PBXBuildFile; fileRef = C546C37FB5B431E527B15F9F /* DetailExcursionInteractorIO.swift */; };
		58650139389367223C2EFB8B /* DetailPlaceInteractorIO.swift in Sources */ = {isa = PBXBuildFile; fileRef = 6F9D40BD2E032FE9D70ED86A /* DetailPlaceInteractorIO.swift */; };
		5B52A8B4700F3BF1D6EEB611 /* DetailExcursionRouter.swift in Sources */ = {isa = PBXBuildFile; fileRef = F361316D32874105B04CF296 /* DetailExcursionRouter.swift */; };
		5BE2E3B7FD57AD6E1FBD0D23 /* AddPlaceInteractorIO.swift in Sources */ = {isa = PBXBuildFile; fileRef = D3FD0DF5CE632E35200086CC /* AddPlaceInteractorIO.swift */; };
		60AF57BFC01EC107BB9136A0 /* DetailPlaceModuleIO.swift in Sources */ = {isa = PBXBuildFile; fileRef = 59BE7B784112553130AFECE0 /* DetailPlaceModuleIO.swift */; };
		61FDF8207F3152E8332214CC /* AddPlaceModuleIO.swift in Sources */ = {isa = PBXBuildFile; fileRef = 71283F1E308BFA9C1986FE3B /* AddPlaceModuleIO.swift */; };
		655B60CD5F361A727A7F17AE /* DetailPlacePresenter.swift in Sources */ = {isa = PBXBuildFile; fileRef = 0ED23E4CF57993B76618F431 /* DetailPlacePresenter.swift */; };
		661A0D892902996D00312A0B /* AppDelegate.swift in Sources */ = {isa = PBXBuildFile; fileRef = 661A0D882902996D00312A0B /* AppDelegate.swift */; };
		661A0D8D2902996D00312A0B /* ViewController.swift in Sources */ = {isa = PBXBuildFile; fileRef = 661A0D8C2902996D00312A0B /* ViewController.swift */; };
		661A0D902902996D00312A0B /* Main.storyboard in Resources */ = {isa = PBXBuildFile; fileRef = 661A0D8E2902996D00312A0B /* Main.storyboard */; };
		661A0D922902996E00312A0B /* Assets.xcassets in Resources */ = {isa = PBXBuildFile; fileRef = 661A0D912902996E00312A0B /* Assets.xcassets */; };
		661A0D952902996E00312A0B /* LaunchScreen.storyboard in Resources */ = {isa = PBXBuildFile; fileRef = 661A0D932902996E00312A0B /* LaunchScreen.storyboard */; };
		661A0DA02902996F00312A0B /* PROGulkyTests.swift in Sources */ = {isa = PBXBuildFile; fileRef = 661A0D9F2902996F00312A0B /* PROGulkyTests.swift */; };
		661A0DAA2902996F00312A0B /* PROGulkyUITests.swift in Sources */ = {isa = PBXBuildFile; fileRef = 661A0DA92902996F00312A0B /* PROGulkyUITests.swift */; };
		661A0DAC2902996F00312A0B /* PROGulkyUITestsLaunchTests.swift in Sources */ = {isa = PBXBuildFile; fileRef = 661A0DAB2902996F00312A0B /* PROGulkyUITestsLaunchTests.swift */; };
		6884644A93D5EB0CEBEEE732 /* FavouritesExcursionsModuleIO.swift in Sources */ = {isa = PBXBuildFile; fileRef = C8AD46D3F79C248744CE5F2C /* FavouritesExcursionsModuleIO.swift */; };
		7662A63312813E510FDB7DE7 /* AddPlaceRouter.swift in Sources */ = {isa = PBXBuildFile; fileRef = 1D000185DA434BD3A05A46D4 /* AddPlaceRouter.swift */; };
		7E3B8C8C195150120F38D847 /* DetailPlaceRouterInput.swift in Sources */ = {isa = PBXBuildFile; fileRef = 82F91F0024FE1C6485A2EDED /* DetailPlaceRouterInput.swift */; };
		80135A7F2F9E2095875F9983 /* DetailPlaceBuilder.swift in Sources */ = {isa = PBXBuildFile; fileRef = 2AB2410381154D2E7418FEAD /* DetailPlaceBuilder.swift */; };
		8260001A1AB8D66D8579165D /* AddExcursionInteractor.swift in Sources */ = {isa = PBXBuildFile; fileRef = 3D1BBC38CBF391A504391E46 /* AddExcursionInteractor.swift */; };
		91A3262CA89266F64C125380 /* ProfileRouterInput.swift in Sources */ = {isa = PBXBuildFile; fileRef = 1AD05B85C1D60E44F3AA3D1A /* ProfileRouterInput.swift */; };
		94D58836216B679A692591E0 /* ExcursionsListBuilder.swift in Sources */ = {isa = PBXBuildFile; fileRef = FCFA925C2590C194B399F154 /* ExcursionsListBuilder.swift */; };
		A6870B67FEAA859C2BBA0908 /* ExcursionsListViewController.swift in Sources */ = {isa = PBXBuildFile; fileRef = D678140C434AD6CB7AD2B0DA /* ExcursionsListViewController.swift */; };
		A6ACA2679B16F08F548F337C /* ProfileRouter.swift in Sources */ = {isa = PBXBuildFile; fileRef = 6956CF76F0FCD65BE420ABDC /* ProfileRouter.swift */; };
		A7F41217646CB99E82D8B7BF /* FavouritesExcursionsBuilder.swift in Sources */ = {isa = PBXBuildFile; fileRef = 1EA660BDBC0D3D1F77E748F5 /* FavouritesExcursionsBuilder.swift */; };
		AA0CDCA2C8678A5E183D4C84 /* DetailExcursionBuilder.swift in Sources */ = {isa = PBXBuildFile; fileRef = 766C351BE508C8E642036FAA /* DetailExcursionBuilder.swift */; };
		AC2B243C7837A2D1C337F656 /* FavouritesExcursionsInteractor.swift in Sources */ = {isa = PBXBuildFile; fileRef = D54451D4939712CF5EA697B2 /* FavouritesExcursionsInteractor.swift */; };
		B034A94B89A9375743C132B8 /* AddPlaceViewController.swift in Sources */ = {isa = PBXBuildFile; fileRef = C02B6B548904BF9243B745D8 /* AddPlaceViewController.swift */; };
		B0C9C9A977E77116B4F0C7A1 /* AddPlacePresenter.swift in Sources */ = {isa = PBXBuildFile; fileRef = FA229A4A4C1CEF858C7D5015 /* AddPlacePresenter.swift */; };
		B5B117DD037D05E1D6A06F0A /* Pods_PROGulky.framework in Frameworks */ = {isa = PBXBuildFile; fileRef = E7711D3215AEA6858BA1E5F2 /* Pods_PROGulky.framework */; };
		B8F0BCCE71C38DB82043139E /* AddExcursionInteractorIO.swift in Sources */ = {isa = PBXBuildFile; fileRef = 37C5C1009F2BD7EC16167DB8 /* AddExcursionInteractorIO.swift */; };
		B997C151DD955FC5AFD51B77 /* ProfileInteractor.swift in Sources */ = {isa = PBXBuildFile; fileRef = 4B16741CC48F86627C2AE6A8 /* ProfileInteractor.swift */; };
		C3048A21AC9F57F2A3EF80CF /* Pods_PROGulkyTests.framework in Frameworks */ = {isa = PBXBuildFile; fileRef = 2BAB88022D3C14B5B7EBECB4 /* Pods_PROGulkyTests.framework */; };
		C364355ABC98A250C6D85467 /* ProfileModuleIO.swift in Sources */ = {isa = PBXBuildFile; fileRef = 175C664D284B70C6674471E7 /* ProfileModuleIO.swift */; };
		CA16E5FF3470878ABCAD8F11 /* ExcursionsListViewIO.swift in Sources */ = {isa = PBXBuildFile; fileRef = 8B40B87087FB4903DCB6BD7C /* ExcursionsListViewIO.swift */; };
		CBD0B55BA488383EBB017ECB /* ProfileBuilder.swift in Sources */ = {isa = PBXBuildFile; fileRef = DF1023A1984E3AD4841DB0C5 /* ProfileBuilder.swift */; };
		D881BF6CBAF8E07985F93B19 /* FavouritesExcursionsViewController.swift in Sources */ = {isa = PBXBuildFile; fileRef = DFAB83507AFACBB84D4D24D3 /* FavouritesExcursionsViewController.swift */; };
		DD491B525EE911A4E7C8429F /* ExcursionsListInteractor.swift in Sources */ = {isa = PBXBuildFile; fileRef = 5B18CF0E8F6610EA949BC890 /* ExcursionsListInteractor.swift */; };
		DF2C602FDD54CFA3AF88934A /* FavouritesExcursionsRouterInput.swift in Sources */ = {isa = PBXBuildFile; fileRef = BD6EEFD6015CEFE88D932BA2 /* FavouritesExcursionsRouterInput.swift */; };
		E1F490979D6E53196362D9CE /* AddExcursionPresenter.swift in Sources */ = {isa = PBXBuildFile; fileRef = BDCB9410CB4436000957EB12 /* AddExcursionPresenter.swift */; };
		E440B3CED1731E9DAC92FF12 /* FavouritesExcursionsInteractorIO.swift in Sources */ = {isa = PBXBuildFile; fileRef = 9E9D063F55E55F2E734E77F6 /* FavouritesExcursionsInteractorIO.swift */; };
		E655FF225A9C3D22426923E3 /* DetailExcursionViewIO.swift in Sources */ = {isa = PBXBuildFile; fileRef = AEEE1A974A7B5FD3DF4894F3 /* DetailExcursionViewIO.swift */; };
		E72261714744A55D4417AC1C /* AddPlaceRouterInput.swift in Sources */ = {isa = PBXBuildFile; fileRef = A61307FC1E7EC9C93B0BD5AF /* AddPlaceRouterInput.swift */; };
		E9F972D6925AAE35541A6A7A /* FavouritesExcursionsPresenter.swift in Sources */ = {isa = PBXBuildFile; fileRef = B3BE36A56BE97311C3AE8016 /* FavouritesExcursionsPresenter.swift */; };
		EA199F26C13F660480AB25F2 /* AddExcursionRouterInput.swift in Sources */ = {isa = PBXBuildFile; fileRef = 1F5B31AA545F1940B51F9CFF /* AddExcursionRouterInput.swift */; };
		EA7635CC63622276E58EC987 /* DetailExcursionPresenter.swift in Sources */ = {isa = PBXBuildFile; fileRef = 86EEC9736F0079DB7CE3570D /* DetailExcursionPresenter.swift */; };
		F055DE90C634E09F51679CD7 /* ProfileInteractorIO.swift in Sources */ = {isa = PBXBuildFile; fileRef = 6DE36CAA8C99CE8FA62D79F5 /* ProfileInteractorIO.swift */; };
		F2C92852DA10723516E8E6EF /* DetailExcursionViewController.swift in Sources */ = {isa = PBXBuildFile; fileRef = B434111035862A4121532B06 /* DetailExcursionViewController.swift */; };
		F4A76012F97C4A709AAA3C14 /* AddExcursionViewIO.swift in Sources */ = {isa = PBXBuildFile; fileRef = 565F7487028E8AB78853ADEE /* AddExcursionViewIO.swift */; };
		F83E1A9F4C1F8D6516201126 /* ExcursionsListRouterInput.swift in Sources */ = {isa = PBXBuildFile; fileRef = D666F683D015D0A8AFCCC5FA /* ExcursionsListRouterInput.swift */; };
/* End PBXBuildFile section */

/* Begin PBXContainerItemProxy section */
		661A0D9C2902996F00312A0B /* PBXContainerItemProxy */ = {
			isa = PBXContainerItemProxy;
			containerPortal = 661A0D7D2902996D00312A0B /* Project object */;
			proxyType = 1;
			remoteGlobalIDString = 661A0D842902996D00312A0B;
			remoteInfo = PROGulky;
		};
		661A0DA62902996F00312A0B /* PBXContainerItemProxy */ = {
			isa = PBXContainerItemProxy;
			containerPortal = 661A0D7D2902996D00312A0B /* Project object */;
			proxyType = 1;
			remoteGlobalIDString = 661A0D842902996D00312A0B;
			remoteInfo = PROGulky;
		};
/* End PBXContainerItemProxy section */

/* Begin PBXFileReference section */
		0AB897EAECCE498337BC4ECB /* DetailExcursionRouterInput.swift */ = {isa = PBXFileReference; includeInIndex = 1; lastKnownFileType = sourcecode.swift; path = DetailExcursionRouterInput.swift; sourceTree = "<group>"; };
		0ED23E4CF57993B76618F431 /* DetailPlacePresenter.swift */ = {isa = PBXFileReference; includeInIndex = 1; lastKnownFileType = sourcecode.swift; path = DetailPlacePresenter.swift; sourceTree = "<group>"; };
		0EE2A2A64B50B5A2E674BC1C /* Pods-PROGulkyTests.release.xcconfig */ = {isa = PBXFileReference; includeInIndex = 1; lastKnownFileType = text.xcconfig; name = "Pods-PROGulkyTests.release.xcconfig"; path = "Target Support Files/Pods-PROGulkyTests/Pods-PROGulkyTests.release.xcconfig"; sourceTree = "<group>"; };
		1025773E08D8C66DE4E8F7C0 /* ProfileViewIO.swift */ = {isa = PBXFileReference; includeInIndex = 1; lastKnownFileType = sourcecode.swift; path = ProfileViewIO.swift; sourceTree = "<group>"; };
		175C664D284B70C6674471E7 /* ProfileModuleIO.swift */ = {isa = PBXFileReference; includeInIndex = 1; lastKnownFileType = sourcecode.swift; path = ProfileModuleIO.swift; sourceTree = "<group>"; };
		17FE2736BBBE69AB8C7C2BB5 /* ProfileViewController.swift */ = {isa = PBXFileReference; includeInIndex = 1; lastKnownFileType = sourcecode.swift; path = ProfileViewController.swift; sourceTree = "<group>"; };
		196CD9E7D60C62C707DE1A28 /* Pods_PROGulky_PROGulkyUITests.framework */ = {isa = PBXFileReference; explicitFileType = wrapper.framework; includeInIndex = 0; path = Pods_PROGulky_PROGulkyUITests.framework; sourceTree = BUILT_PRODUCTS_DIR; };
		1AD05B85C1D60E44F3AA3D1A /* ProfileRouterInput.swift */ = {isa = PBXFileReference; includeInIndex = 1; lastKnownFileType = sourcecode.swift; path = ProfileRouterInput.swift; sourceTree = "<group>"; };
		1D000185DA434BD3A05A46D4 /* AddPlaceRouter.swift */ = {isa = PBXFileReference; includeInIndex = 1; lastKnownFileType = sourcecode.swift; path = AddPlaceRouter.swift; sourceTree = "<group>"; };
		1EA660BDBC0D3D1F77E748F5 /* FavouritesExcursionsBuilder.swift */ = {isa = PBXFileReference; includeInIndex = 1; lastKnownFileType = sourcecode.swift; path = FavouritesExcursionsBuilder.swift; sourceTree = "<group>"; };
		1F5B31AA545F1940B51F9CFF /* AddExcursionRouterInput.swift */ = {isa = PBXFileReference; includeInIndex = 1; lastKnownFileType = sourcecode.swift; path = AddExcursionRouterInput.swift; sourceTree = "<group>"; };
		21187B8D3421F394D07BFCF9 /* Pods-PROGulky.release.xcconfig */ = {isa = PBXFileReference; includeInIndex = 1; lastKnownFileType = text.xcconfig; name = "Pods-PROGulky.release.xcconfig"; path = "Target Support Files/Pods-PROGulky/Pods-PROGulky.release.xcconfig"; sourceTree = "<group>"; };
		28C3A76D9F4A28A120949735 /* AddExcursionModuleIO.swift */ = {isa = PBXFileReference; includeInIndex = 1; lastKnownFileType = sourcecode.swift; path = AddExcursionModuleIO.swift; sourceTree = "<group>"; };
		2AB2410381154D2E7418FEAD /* DetailPlaceBuilder.swift */ = {isa = PBXFileReference; includeInIndex = 1; lastKnownFileType = sourcecode.swift; path = DetailPlaceBuilder.swift; sourceTree = "<group>"; };
		2BAB88022D3C14B5B7EBECB4 /* Pods_PROGulkyTests.framework */ = {isa = PBXFileReference; explicitFileType = wrapper.framework; includeInIndex = 0; path = Pods_PROGulkyTests.framework; sourceTree = BUILT_PRODUCTS_DIR; };
		30133C3588D7FEC2858EFA2E /* DetailPlaceViewController.swift */ = {isa = PBXFileReference; includeInIndex = 1; lastKnownFileType = sourcecode.swift; path = DetailPlaceViewController.swift; sourceTree = "<group>"; };
		35E4CDB118F933820C3DD4A3 /* ExcursionsListPresenter.swift */ = {isa = PBXFileReference; includeInIndex = 1; lastKnownFileType = sourcecode.swift; path = ExcursionsListPresenter.swift; sourceTree = "<group>"; };
		37C5C1009F2BD7EC16167DB8 /* AddExcursionInteractorIO.swift */ = {isa = PBXFileReference; includeInIndex = 1; lastKnownFileType = sourcecode.swift; path = AddExcursionInteractorIO.swift; sourceTree = "<group>"; };
		3D1BBC38CBF391A504391E46 /* AddExcursionInteractor.swift */ = {isa = PBXFileReference; includeInIndex = 1; lastKnownFileType = sourcecode.swift; path = AddExcursionInteractor.swift; sourceTree = "<group>"; };
		4B16741CC48F86627C2AE6A8 /* ProfileInteractor.swift */ = {isa = PBXFileReference; includeInIndex = 1; lastKnownFileType = sourcecode.swift; path = ProfileInteractor.swift; sourceTree = "<group>"; };
		4B8EB9872675216E283DA2C9 /* FavouritesExcursionsRouter.swift */ = {isa = PBXFileReference; includeInIndex = 1; lastKnownFileType = sourcecode.swift; path = FavouritesExcursionsRouter.swift; sourceTree = "<group>"; };
		4EC67223F3D7D3CF1456365D /* AddPlaceViewIO.swift */ = {isa = PBXFileReference; includeInIndex = 1; lastKnownFileType = sourcecode.swift; path = AddPlaceViewIO.swift; sourceTree = "<group>"; };
		52697DF6ECE8C9DFEB65C474 /* AddExcursionBuilder.swift */ = {isa = PBXFileReference; includeInIndex = 1; lastKnownFileType = sourcecode.swift; path = AddExcursionBuilder.swift; sourceTree = "<group>"; };
		539079D5625F18BF3BB5D1B0 /* AddExcursionRouter.swift */ = {isa = PBXFileReference; includeInIndex = 1; lastKnownFileType = sourcecode.swift; path = AddExcursionRouter.swift; sourceTree = "<group>"; };
		565F7487028E8AB78853ADEE /* AddExcursionViewIO.swift */ = {isa = PBXFileReference; includeInIndex = 1; lastKnownFileType = sourcecode.swift; path = AddExcursionViewIO.swift; sourceTree = "<group>"; };
		58E7993CE1E9FEA6918FB4A0 /* Pods-PROGulky-PROGulkyUITests.debug.xcconfig */ = {isa = PBXFileReference; includeInIndex = 1; lastKnownFileType = text.xcconfig; name = "Pods-PROGulky-PROGulkyUITests.debug.xcconfig"; path = "Target Support Files/Pods-PROGulky-PROGulkyUITests/Pods-PROGulky-PROGulkyUITests.debug.xcconfig"; sourceTree = "<group>"; };
		59BE7B784112553130AFECE0 /* DetailPlaceModuleIO.swift */ = {isa = PBXFileReference; includeInIndex = 1; lastKnownFileType = sourcecode.swift; path = DetailPlaceModuleIO.swift; sourceTree = "<group>"; };
		5B18CF0E8F6610EA949BC890 /* ExcursionsListInteractor.swift */ = {isa = PBXFileReference; includeInIndex = 1; lastKnownFileType = sourcecode.swift; path = ExcursionsListInteractor.swift; sourceTree = "<group>"; };
		661A0D852902996D00312A0B /* PROGulky.app */ = {isa = PBXFileReference; explicitFileType = wrapper.application; includeInIndex = 0; path = PROGulky.app; sourceTree = BUILT_PRODUCTS_DIR; };
		661A0D882902996D00312A0B /* AppDelegate.swift */ = {isa = PBXFileReference; lastKnownFileType = sourcecode.swift; path = AppDelegate.swift; sourceTree = "<group>"; };
		661A0D8C2902996D00312A0B /* ViewController.swift */ = {isa = PBXFileReference; lastKnownFileType = sourcecode.swift; path = ViewController.swift; sourceTree = "<group>"; };
		661A0D8F2902996D00312A0B /* Base */ = {isa = PBXFileReference; lastKnownFileType = file.storyboard; name = Base; path = Base.lproj/Main.storyboard; sourceTree = "<group>"; };
		661A0D912902996E00312A0B /* Assets.xcassets */ = {isa = PBXFileReference; lastKnownFileType = folder.assetcatalog; path = Assets.xcassets; sourceTree = "<group>"; };
		661A0D942902996E00312A0B /* Base */ = {isa = PBXFileReference; lastKnownFileType = file.storyboard; name = Base; path = Base.lproj/LaunchScreen.storyboard; sourceTree = "<group>"; };
		661A0D962902996E00312A0B /* Info.plist */ = {isa = PBXFileReference; lastKnownFileType = text.plist.xml; path = Info.plist; sourceTree = "<group>"; };
		661A0D9B2902996F00312A0B /* PROGulkyTests.xctest */ = {isa = PBXFileReference; explicitFileType = wrapper.cfbundle; includeInIndex = 0; path = PROGulkyTests.xctest; sourceTree = BUILT_PRODUCTS_DIR; };
		661A0D9F2902996F00312A0B /* PROGulkyTests.swift */ = {isa = PBXFileReference; lastKnownFileType = sourcecode.swift; path = PROGulkyTests.swift; sourceTree = "<group>"; };
		661A0DA52902996F00312A0B /* PROGulkyUITests.xctest */ = {isa = PBXFileReference; explicitFileType = wrapper.cfbundle; includeInIndex = 0; path = PROGulkyUITests.xctest; sourceTree = BUILT_PRODUCTS_DIR; };
		661A0DA92902996F00312A0B /* PROGulkyUITests.swift */ = {isa = PBXFileReference; lastKnownFileType = sourcecode.swift; path = PROGulkyUITests.swift; sourceTree = "<group>"; };
		661A0DAB2902996F00312A0B /* PROGulkyUITestsLaunchTests.swift */ = {isa = PBXFileReference; lastKnownFileType = sourcecode.swift; path = PROGulkyUITestsLaunchTests.swift; sourceTree = "<group>"; };
		6956CF76F0FCD65BE420ABDC /* ProfileRouter.swift */ = {isa = PBXFileReference; includeInIndex = 1; lastKnownFileType = sourcecode.swift; path = ProfileRouter.swift; sourceTree = "<group>"; };
		6C070CC38B9431BEF26E6225 /* AddExcursionViewController.swift */ = {isa = PBXFileReference; includeInIndex = 1; lastKnownFileType = sourcecode.swift; path = AddExcursionViewController.swift; sourceTree = "<group>"; };
		6D0A6B73EB276D5B7C47C018 /* AddPlaceBuilder.swift */ = {isa = PBXFileReference; includeInIndex = 1; lastKnownFileType = sourcecode.swift; path = AddPlaceBuilder.swift; sourceTree = "<group>"; };
		6DE36CAA8C99CE8FA62D79F5 /* ProfileInteractorIO.swift */ = {isa = PBXFileReference; includeInIndex = 1; lastKnownFileType = sourcecode.swift; path = ProfileInteractorIO.swift; sourceTree = "<group>"; };
		6F9D40BD2E032FE9D70ED86A /* DetailPlaceInteractorIO.swift */ = {isa = PBXFileReference; includeInIndex = 1; lastKnownFileType = sourcecode.swift; path = DetailPlaceInteractorIO.swift; sourceTree = "<group>"; };
		71283F1E308BFA9C1986FE3B /* AddPlaceModuleIO.swift */ = {isa = PBXFileReference; includeInIndex = 1; lastKnownFileType = sourcecode.swift; path = AddPlaceModuleIO.swift; sourceTree = "<group>"; };
		766C351BE508C8E642036FAA /* DetailExcursionBuilder.swift */ = {isa = PBXFileReference; includeInIndex = 1; lastKnownFileType = sourcecode.swift; path = DetailExcursionBuilder.swift; sourceTree = "<group>"; };
		7977E1C3C99EF3BAE96BF607 /* DetailExcursionModuleIO.swift */ = {isa = PBXFileReference; includeInIndex = 1; lastKnownFileType = sourcecode.swift; path = DetailExcursionModuleIO.swift; sourceTree = "<group>"; };
		7B75FE0EEE7FB454AF1C447E /* Pods-PROGulky-PROGulkyUITests.release.xcconfig */ = {isa = PBXFileReference; includeInIndex = 1; lastKnownFileType = text.xcconfig; name = "Pods-PROGulky-PROGulkyUITests.release.xcconfig"; path = "Target Support Files/Pods-PROGulky-PROGulkyUITests/Pods-PROGulky-PROGulkyUITests.release.xcconfig"; sourceTree = "<group>"; };
		82F91F0024FE1C6485A2EDED /* DetailPlaceRouterInput.swift */ = {isa = PBXFileReference; includeInIndex = 1; lastKnownFileType = sourcecode.swift; path = DetailPlaceRouterInput.swift; sourceTree = "<group>"; };
		85C82DD792DA4E1DFF0CE66A /* FavouritesExcursionsViewIO.swift */ = {isa = PBXFileReference; includeInIndex = 1; lastKnownFileType = sourcecode.swift; path = FavouritesExcursionsViewIO.swift; sourceTree = "<group>"; };
		86D28233730CF25DD0C0AD76 /* ExcursionsListInteractorIO.swift */ = {isa = PBXFileReference; includeInIndex = 1; lastKnownFileType = sourcecode.swift; path = ExcursionsListInteractorIO.swift; sourceTree = "<group>"; };
		86EEC9736F0079DB7CE3570D /* DetailExcursionPresenter.swift */ = {isa = PBXFileReference; includeInIndex = 1; lastKnownFileType = sourcecode.swift; path = DetailExcursionPresenter.swift; sourceTree = "<group>"; };
		8B40B87087FB4903DCB6BD7C /* ExcursionsListViewIO.swift */ = {isa = PBXFileReference; includeInIndex = 1; lastKnownFileType = sourcecode.swift; path = ExcursionsListViewIO.swift; sourceTree = "<group>"; };
		9E9D063F55E55F2E734E77F6 /* FavouritesExcursionsInteractorIO.swift */ = {isa = PBXFileReference; includeInIndex = 1; lastKnownFileType = sourcecode.swift; path = FavouritesExcursionsInteractorIO.swift; sourceTree = "<group>"; };
		A61307FC1E7EC9C93B0BD5AF /* AddPlaceRouterInput.swift */ = {isa = PBXFileReference; includeInIndex = 1; lastKnownFileType = sourcecode.swift; path = AddPlaceRouterInput.swift; sourceTree = "<group>"; };
		AEEE1A974A7B5FD3DF4894F3 /* DetailExcursionViewIO.swift */ = {isa = PBXFileReference; includeInIndex = 1; lastKnownFileType = sourcecode.swift; path = DetailExcursionViewIO.swift; sourceTree = "<group>"; };
		B3BE36A56BE97311C3AE8016 /* FavouritesExcursionsPresenter.swift */ = {isa = PBXFileReference; includeInIndex = 1; lastKnownFileType = sourcecode.swift; path = FavouritesExcursionsPresenter.swift; sourceTree = "<group>"; };
		B434111035862A4121532B06 /* DetailExcursionViewController.swift */ = {isa = PBXFileReference; includeInIndex = 1; lastKnownFileType = sourcecode.swift; path = DetailExcursionViewController.swift; sourceTree = "<group>"; };
		BD6EEFD6015CEFE88D932BA2 /* FavouritesExcursionsRouterInput.swift */ = {isa = PBXFileReference; includeInIndex = 1; lastKnownFileType = sourcecode.swift; path = FavouritesExcursionsRouterInput.swift; sourceTree = "<group>"; };
		BDCB9410CB4436000957EB12 /* AddExcursionPresenter.swift */ = {isa = PBXFileReference; includeInIndex = 1; lastKnownFileType = sourcecode.swift; path = AddExcursionPresenter.swift; sourceTree = "<group>"; };
		C02B6B548904BF9243B745D8 /* AddPlaceViewController.swift */ = {isa = PBXFileReference; includeInIndex = 1; lastKnownFileType = sourcecode.swift; path = AddPlaceViewController.swift; sourceTree = "<group>"; };
		C546C37FB5B431E527B15F9F /* DetailExcursionInteractorIO.swift */ = {isa = PBXFileReference; includeInIndex = 1; lastKnownFileType = sourcecode.swift; path = DetailExcursionInteractorIO.swift; sourceTree = "<group>"; };
		C8AD46D3F79C248744CE5F2C /* FavouritesExcursionsModuleIO.swift */ = {isa = PBXFileReference; includeInIndex = 1; lastKnownFileType = sourcecode.swift; path = FavouritesExcursionsModuleIO.swift; sourceTree = "<group>"; };
		CFDDE708759E91C3DAAF5D4B /* Pods-PROGulkyTests.debug.xcconfig */ = {isa = PBXFileReference; includeInIndex = 1; lastKnownFileType = text.xcconfig; name = "Pods-PROGulkyTests.debug.xcconfig"; path = "Target Support Files/Pods-PROGulkyTests/Pods-PROGulkyTests.debug.xcconfig"; sourceTree = "<group>"; };
		D3913E1F7ACBA08F04736A7B /* ProfilePresenter.swift */ = {isa = PBXFileReference; includeInIndex = 1; lastKnownFileType = sourcecode.swift; path = ProfilePresenter.swift; sourceTree = "<group>"; };
		D3FD0DF5CE632E35200086CC /* AddPlaceInteractorIO.swift */ = {isa = PBXFileReference; includeInIndex = 1; lastKnownFileType = sourcecode.swift; path = AddPlaceInteractorIO.swift; sourceTree = "<group>"; };
		D44CE83535DB6291F0A61EB0 /* AddPlaceInteractor.swift */ = {isa = PBXFileReference; includeInIndex = 1; lastKnownFileType = sourcecode.swift; path = AddPlaceInteractor.swift; sourceTree = "<group>"; };
		D54451D4939712CF5EA697B2 /* FavouritesExcursionsInteractor.swift */ = {isa = PBXFileReference; includeInIndex = 1; lastKnownFileType = sourcecode.swift; path = FavouritesExcursionsInteractor.swift; sourceTree = "<group>"; };
		D666F683D015D0A8AFCCC5FA /* ExcursionsListRouterInput.swift */ = {isa = PBXFileReference; includeInIndex = 1; lastKnownFileType = sourcecode.swift; path = ExcursionsListRouterInput.swift; sourceTree = "<group>"; };
		D678140C434AD6CB7AD2B0DA /* ExcursionsListViewController.swift */ = {isa = PBXFileReference; includeInIndex = 1; lastKnownFileType = sourcecode.swift; path = ExcursionsListViewController.swift; sourceTree = "<group>"; };
		D9932DB019F3712955AC5C2B /* Pods-PROGulky.debug.xcconfig */ = {isa = PBXFileReference; includeInIndex = 1; lastKnownFileType = text.xcconfig; name = "Pods-PROGulky.debug.xcconfig"; path = "Target Support Files/Pods-PROGulky/Pods-PROGulky.debug.xcconfig"; sourceTree = "<group>"; };
		DBDDCCBBEC388912A426587C /* ExcursionsListRouter.swift */ = {isa = PBXFileReference; includeInIndex = 1; lastKnownFileType = sourcecode.swift; path = ExcursionsListRouter.swift; sourceTree = "<group>"; };
		DC3316B51118FB579813E7D6 /* DetailExcursionInteractor.swift */ = {isa = PBXFileReference; includeInIndex = 1; lastKnownFileType = sourcecode.swift; path = DetailExcursionInteractor.swift; sourceTree = "<group>"; };
		DF1023A1984E3AD4841DB0C5 /* ProfileBuilder.swift */ = {isa = PBXFileReference; includeInIndex = 1; lastKnownFileType = sourcecode.swift; path = ProfileBuilder.swift; sourceTree = "<group>"; };
		DFAB83507AFACBB84D4D24D3 /* FavouritesExcursionsViewController.swift */ = {isa = PBXFileReference; includeInIndex = 1; lastKnownFileType = sourcecode.swift; path = FavouritesExcursionsViewController.swift; sourceTree = "<group>"; };
		E7711D3215AEA6858BA1E5F2 /* Pods_PROGulky.framework */ = {isa = PBXFileReference; explicitFileType = wrapper.framework; includeInIndex = 0; path = Pods_PROGulky.framework; sourceTree = BUILT_PRODUCTS_DIR; };
		E94396705F19CF16A69DE045 /* DetailPlaceRouter.swift */ = {isa = PBXFileReference; includeInIndex = 1; lastKnownFileType = sourcecode.swift; path = DetailPlaceRouter.swift; sourceTree = "<group>"; };
		EBB06260EF44A16D361201C7 /* ExcursionsListModuleIO.swift */ = {isa = PBXFileReference; includeInIndex = 1; lastKnownFileType = sourcecode.swift; path = ExcursionsListModuleIO.swift; sourceTree = "<group>"; };
		EC533E1C6329DC4D34A545D4 /* DetailPlaceViewIO.swift */ = {isa = PBXFileReference; includeInIndex = 1; lastKnownFileType = sourcecode.swift; path = DetailPlaceViewIO.swift; sourceTree = "<group>"; };
		EE2EA98119440C4C56329D11 /* DetailPlaceInteractor.swift */ = {isa = PBXFileReference; includeInIndex = 1; lastKnownFileType = sourcecode.swift; path = DetailPlaceInteractor.swift; sourceTree = "<group>"; };
		F361316D32874105B04CF296 /* DetailExcursionRouter.swift */ = {isa = PBXFileReference; includeInIndex = 1; lastKnownFileType = sourcecode.swift; path = DetailExcursionRouter.swift; sourceTree = "<group>"; };
		FA229A4A4C1CEF858C7D5015 /* AddPlacePresenter.swift */ = {isa = PBXFileReference; includeInIndex = 1; lastKnownFileType = sourcecode.swift; path = AddPlacePresenter.swift; sourceTree = "<group>"; };
		FCFA925C2590C194B399F154 /* ExcursionsListBuilder.swift */ = {isa = PBXFileReference; includeInIndex = 1; lastKnownFileType = sourcecode.swift; path = ExcursionsListBuilder.swift; sourceTree = "<group>"; };
/* End PBXFileReference section */

/* Begin PBXFrameworksBuildPhase section */
		661A0D822902996D00312A0B /* Frameworks */ = {
			isa = PBXFrameworksBuildPhase;
			buildActionMask = 2147483647;
			files = (
				B5B117DD037D05E1D6A06F0A /* Pods_PROGulky.framework in Frameworks */,
			);
			runOnlyForDeploymentPostprocessing = 0;
		};
		661A0D982902996F00312A0B /* Frameworks */ = {
			isa = PBXFrameworksBuildPhase;
			buildActionMask = 2147483647;
			files = (
				C3048A21AC9F57F2A3EF80CF /* Pods_PROGulkyTests.framework in Frameworks */,
			);
			runOnlyForDeploymentPostprocessing = 0;
		};
		661A0DA22902996F00312A0B /* Frameworks */ = {
			isa = PBXFrameworksBuildPhase;
			buildActionMask = 2147483647;
			files = (
				1BA129F43D29AA20BFC95E44 /* Pods_PROGulky_PROGulkyUITests.framework in Frameworks */,
			);
			runOnlyForDeploymentPostprocessing = 0;
		};
/* End PBXFrameworksBuildPhase section */

/* Begin PBXGroup section */
		0393E4E7915E722FC0FC3CD3 /* View */ = {
			isa = PBXGroup;
			children = (
				565F7487028E8AB78853ADEE /* AddExcursionViewIO.swift */,
				6C070CC38B9431BEF26E6225 /* AddExcursionViewController.swift */,
			);
			name = View;
			path = View;
			sourceTree = "<group>";
		};
		05212DEA1A29CCC61CA412F0 /* Router */ = {
			isa = PBXGroup;
			children = (
				A61307FC1E7EC9C93B0BD5AF /* AddPlaceRouterInput.swift */,
				1D000185DA434BD3A05A46D4 /* AddPlaceRouter.swift */,
			);
			name = Router;
			path = Router;
			sourceTree = "<group>";
		};
		065DCE724DF806C9890BDC60 /* Presenter */ = {
			isa = PBXGroup;
			children = (
				EBB06260EF44A16D361201C7 /* ExcursionsListModuleIO.swift */,
				35E4CDB118F933820C3DD4A3 /* ExcursionsListPresenter.swift */,
			);
			name = Presenter;
			path = Presenter;
			sourceTree = "<group>";
		};
		125D8E9A681E354B8140F71E /* AddExcursion */ = {
			isa = PBXGroup;
			children = (
				0393E4E7915E722FC0FC3CD3 /* View */,
				1FE6588D2DFA4EBD91E46A8A /* Presenter */,
				99752DD1A717565D178854CB /* Interactor */,
				848E4F856B1E3180F7AB36FA /* Router */,
				52697DF6ECE8C9DFEB65C474 /* AddExcursionBuilder.swift */,
			);
			name = AddExcursion;
			path = AddExcursion;
			sourceTree = "<group>";
		};
		1F1A8C9B67CDC62B99A04A24 /* Interactor */ = {
			isa = PBXGroup;
			children = (
				86D28233730CF25DD0C0AD76 /* ExcursionsListInteractorIO.swift */,
				5B18CF0E8F6610EA949BC890 /* ExcursionsListInteractor.swift */,
			);
			name = Interactor;
			path = Interactor;
			sourceTree = "<group>";
		};
		1FE6588D2DFA4EBD91E46A8A /* Presenter */ = {
			isa = PBXGroup;
			children = (
				28C3A76D9F4A28A120949735 /* AddExcursionModuleIO.swift */,
				BDCB9410CB4436000957EB12 /* AddExcursionPresenter.swift */,
			);
			name = Presenter;
			path = Presenter;
			sourceTree = "<group>";
		};
		24759421C5671EEE5633FDF8 /* ExcursionsList */ = {
			isa = PBXGroup;
			children = (
				502A06642192EE2D13A1E47C /* View */,
				065DCE724DF806C9890BDC60 /* Presenter */,
				1F1A8C9B67CDC62B99A04A24 /* Interactor */,
				87969EF077779258DC77DF51 /* Router */,
				FCFA925C2590C194B399F154 /* ExcursionsListBuilder.swift */,
			);
			name = ExcursionsList;
			path = ExcursionsList;
			sourceTree = "<group>";
		};
		2602C03966A7230841F4BA9A /* Router */ = {
			isa = PBXGroup;
			children = (
				0AB897EAECCE498337BC4ECB /* DetailExcursionRouterInput.swift */,
				F361316D32874105B04CF296 /* DetailExcursionRouter.swift */,
			);
			name = Router;
			path = Router;
			sourceTree = "<group>";
		};
		2F57D335C1A78CDAD5C3E04A /* Interactor */ = {
			isa = PBXGroup;
			children = (
				C546C37FB5B431E527B15F9F /* DetailExcursionInteractorIO.swift */,
				DC3316B51118FB579813E7D6 /* DetailExcursionInteractor.swift */,
			);
			name = Interactor;
			path = Interactor;
			sourceTree = "<group>";
		};
		34BBB1E5F70D9CF8EDF68B78 /* Presenter */ = {
			isa = PBXGroup;
			children = (
				175C664D284B70C6674471E7 /* ProfileModuleIO.swift */,
				D3913E1F7ACBA08F04736A7B /* ProfilePresenter.swift */,
			);
			name = Presenter;
			path = Presenter;
			sourceTree = "<group>";
		};
		37AAEDC0C39529175ADF1997 /* Interactor */ = {
			isa = PBXGroup;
			children = (
				6F9D40BD2E032FE9D70ED86A /* DetailPlaceInteractorIO.swift */,
				EE2EA98119440C4C56329D11 /* DetailPlaceInteractor.swift */,
			);
			name = Interactor;
			path = Interactor;
			sourceTree = "<group>";
		};
		3D2A1DE4717FC4996209FAD8 /* Presenter */ = {
			isa = PBXGroup;
			children = (
				7977E1C3C99EF3BAE96BF607 /* DetailExcursionModuleIO.swift */,
				86EEC9736F0079DB7CE3570D /* DetailExcursionPresenter.swift */,
			);
			name = Presenter;
			path = Presenter;
			sourceTree = "<group>";
		};
		4B53F239D37836506D31D45F /* Router */ = {
			isa = PBXGroup;
			children = (
				BD6EEFD6015CEFE88D932BA2 /* FavouritesExcursionsRouterInput.swift */,
				4B8EB9872675216E283DA2C9 /* FavouritesExcursionsRouter.swift */,
			);
			name = Router;
			path = Router;
			sourceTree = "<group>";
		};
		4F07ADFFAACF085EEFBC4F47 /* View */ = {
			isa = PBXGroup;
			children = (
				AEEE1A974A7B5FD3DF4894F3 /* DetailExcursionViewIO.swift */,
				B434111035862A4121532B06 /* DetailExcursionViewController.swift */,
			);
			name = View;
			path = View;
			sourceTree = "<group>";
		};
		4F86ADA67FA97F78AED87EB3 /* Presenter */ = {
			isa = PBXGroup;
			children = (
				71283F1E308BFA9C1986FE3B /* AddPlaceModuleIO.swift */,
				FA229A4A4C1CEF858C7D5015 /* AddPlacePresenter.swift */,
			);
			name = Presenter;
			path = Presenter;
			sourceTree = "<group>";
		};
		5000E24F453BFF891EE388C8 /* Router */ = {
			isa = PBXGroup;
			children = (
				1AD05B85C1D60E44F3AA3D1A /* ProfileRouterInput.swift */,
				6956CF76F0FCD65BE420ABDC /* ProfileRouter.swift */,
			);
			name = Router;
			path = Router;
			sourceTree = "<group>";
		};
		502A06642192EE2D13A1E47C /* View */ = {
			isa = PBXGroup;
			children = (
				8B40B87087FB4903DCB6BD7C /* ExcursionsListViewIO.swift */,
				D678140C434AD6CB7AD2B0DA /* ExcursionsListViewController.swift */,
			);
			name = View;
			path = View;
			sourceTree = "<group>";
		};
		5521AF0EED2856EFD5BFF104 /* DetailPlace */ = {
			isa = PBXGroup;
			children = (
				BC81FDC7ADFEB13E7D1898AD /* View */,
				6C50AB1C20C32052CF57C719 /* Presenter */,
				37AAEDC0C39529175ADF1997 /* Interactor */,
				68B2E3821D235DCCC2420D29 /* Router */,
				2AB2410381154D2E7418FEAD /* DetailPlaceBuilder.swift */,
			);
			name = DetailPlace;
			path = DetailPlace;
			sourceTree = "<group>";
		};
		661A0D7C2902996D00312A0B = {
			isa = PBXGroup;
			children = (
				661A0D872902996D00312A0B /* PROGulky */,
				661A0D9E2902996F00312A0B /* PROGulkyTests */,
				661A0DA82902996F00312A0B /* PROGulkyUITests */,
				661A0D862902996D00312A0B /* Products */,
				C2E46A047DA2A681AE087D57 /* Pods */,
				D610EE7BF1BAD6B086797364 /* Frameworks */,
			);
			sourceTree = "<group>";
		};
		661A0D862902996D00312A0B /* Products */ = {
			isa = PBXGroup;
			children = (
				661A0D852902996D00312A0B /* PROGulky.app */,
				661A0D9B2902996F00312A0B /* PROGulkyTests.xctest */,
				661A0DA52902996F00312A0B /* PROGulkyUITests.xctest */,
			);
			name = Products;
			sourceTree = "<group>";
		};
		661A0D872902996D00312A0B /* PROGulky */ = {
			isa = PBXGroup;
			children = (
				661A0D882902996D00312A0B /* AppDelegate.swift */,
				661A0D8C2902996D00312A0B /* ViewController.swift */,
				661A0D8E2902996D00312A0B /* Main.storyboard */,
				661A0D912902996E00312A0B /* Assets.xcassets */,
				661A0D932902996E00312A0B /* LaunchScreen.storyboard */,
				661A0D962902996E00312A0B /* Info.plist */,
				E77DD55B27C3A4DB3B1007BB /* Modules */,
			);
			path = PROGulky;
			sourceTree = "<group>";
		};
		661A0D9E2902996F00312A0B /* PROGulkyTests */ = {
			isa = PBXGroup;
			children = (
				661A0D9F2902996F00312A0B /* PROGulkyTests.swift */,
			);
			path = PROGulkyTests;
			sourceTree = "<group>";
		};
		661A0DA82902996F00312A0B /* PROGulkyUITests */ = {
			isa = PBXGroup;
			children = (
				661A0DA92902996F00312A0B /* PROGulkyUITests.swift */,
				661A0DAB2902996F00312A0B /* PROGulkyUITestsLaunchTests.swift */,
			);
			path = PROGulkyUITests;
			sourceTree = "<group>";
		};
		684997C51FBAD148127DBF17 /* View */ = {
			isa = PBXGroup;
			children = (
				85C82DD792DA4E1DFF0CE66A /* FavouritesExcursionsViewIO.swift */,
				DFAB83507AFACBB84D4D24D3 /* FavouritesExcursionsViewController.swift */,
			);
			name = View;
			path = View;
			sourceTree = "<group>";
		};
		68B2E3821D235DCCC2420D29 /* Router */ = {
			isa = PBXGroup;
			children = (
				82F91F0024FE1C6485A2EDED /* DetailPlaceRouterInput.swift */,
				E94396705F19CF16A69DE045 /* DetailPlaceRouter.swift */,
			);
			name = Router;
			path = Router;
			sourceTree = "<group>";
		};
		6C50AB1C20C32052CF57C719 /* Presenter */ = {
			isa = PBXGroup;
			children = (
				59BE7B784112553130AFECE0 /* DetailPlaceModuleIO.swift */,
				0ED23E4CF57993B76618F431 /* DetailPlacePresenter.swift */,
			);
			name = Presenter;
			path = Presenter;
			sourceTree = "<group>";
		};
		6CC51BD4253A235FA6F457F3 /* Interactor */ = {
			isa = PBXGroup;
			children = (
				D3FD0DF5CE632E35200086CC /* AddPlaceInteractorIO.swift */,
				D44CE83535DB6291F0A61EB0 /* AddPlaceInteractor.swift */,
			);
			name = Interactor;
			path = Interactor;
			sourceTree = "<group>";
		};
		7619C8553D3E83ADC89455CE /* DetailExcursion */ = {
			isa = PBXGroup;
			children = (
				4F07ADFFAACF085EEFBC4F47 /* View */,
				3D2A1DE4717FC4996209FAD8 /* Presenter */,
				2F57D335C1A78CDAD5C3E04A /* Interactor */,
				2602C03966A7230841F4BA9A /* Router */,
				766C351BE508C8E642036FAA /* DetailExcursionBuilder.swift */,
			);
			name = DetailExcursion;
			path = DetailExcursion;
			sourceTree = "<group>";
		};
		83A93496B03F9BCCD1CF96DE /* Presenter */ = {
			isa = PBXGroup;
			children = (
				C8AD46D3F79C248744CE5F2C /* FavouritesExcursionsModuleIO.swift */,
				B3BE36A56BE97311C3AE8016 /* FavouritesExcursionsPresenter.swift */,
			);
			name = Presenter;
			path = Presenter;
			sourceTree = "<group>";
		};
		848E4F856B1E3180F7AB36FA /* Router */ = {
			isa = PBXGroup;
			children = (
				1F5B31AA545F1940B51F9CFF /* AddExcursionRouterInput.swift */,
				539079D5625F18BF3BB5D1B0 /* AddExcursionRouter.swift */,
			);
			name = Router;
			path = Router;
			sourceTree = "<group>";
		};
		87969EF077779258DC77DF51 /* Router */ = {
			isa = PBXGroup;
			children = (
				D666F683D015D0A8AFCCC5FA /* ExcursionsListRouterInput.swift */,
				DBDDCCBBEC388912A426587C /* ExcursionsListRouter.swift */,
			);
			name = Router;
			path = Router;
			sourceTree = "<group>";
		};
		99752DD1A717565D178854CB /* Interactor */ = {
			isa = PBXGroup;
			children = (
				37C5C1009F2BD7EC16167DB8 /* AddExcursionInteractorIO.swift */,
				3D1BBC38CBF391A504391E46 /* AddExcursionInteractor.swift */,
			);
			name = Interactor;
			path = Interactor;
			sourceTree = "<group>";
		};
		9FE1DB18F9620455F84DDD0E /* AddPlace */ = {
			isa = PBXGroup;
			children = (
				E49DC7FC06911393FBC24C28 /* View */,
				4F86ADA67FA97F78AED87EB3 /* Presenter */,
				6CC51BD4253A235FA6F457F3 /* Interactor */,
				05212DEA1A29CCC61CA412F0 /* Router */,
				6D0A6B73EB276D5B7C47C018 /* AddPlaceBuilder.swift */,
			);
			name = AddPlace;
			path = AddPlace;
			sourceTree = "<group>";
		};
		A74733E3B9C6F39422CC8E7B /* Interactor */ = {
			isa = PBXGroup;
			children = (
				9E9D063F55E55F2E734E77F6 /* FavouritesExcursionsInteractorIO.swift */,
				D54451D4939712CF5EA697B2 /* FavouritesExcursionsInteractor.swift */,
			);
			name = Interactor;
			path = Interactor;
			sourceTree = "<group>";
		};
		AEDD74D256D8C8E79622EDB0 /* FavouritesExcursions */ = {
			isa = PBXGroup;
			children = (
				684997C51FBAD148127DBF17 /* View */,
				83A93496B03F9BCCD1CF96DE /* Presenter */,
				A74733E3B9C6F39422CC8E7B /* Interactor */,
				4B53F239D37836506D31D45F /* Router */,
				1EA660BDBC0D3D1F77E748F5 /* FavouritesExcursionsBuilder.swift */,
			);
			name = FavouritesExcursions;
			path = FavouritesExcursions;
			sourceTree = "<group>";
		};
		AF45B98F976FA4A53DAD4EEF /* View */ = {
			isa = PBXGroup;
			children = (
				1025773E08D8C66DE4E8F7C0 /* ProfileViewIO.swift */,
				17FE2736BBBE69AB8C7C2BB5 /* ProfileViewController.swift */,
			);
			name = View;
			path = View;
			sourceTree = "<group>";
		};
		BC81FDC7ADFEB13E7D1898AD /* View */ = {
			isa = PBXGroup;
			children = (
				EC533E1C6329DC4D34A545D4 /* DetailPlaceViewIO.swift */,
				30133C3588D7FEC2858EFA2E /* DetailPlaceViewController.swift */,
			);
			name = View;
			path = View;
			sourceTree = "<group>";
		};
		C2E46A047DA2A681AE087D57 /* Pods */ = {
			isa = PBXGroup;
			children = (
				D9932DB019F3712955AC5C2B /* Pods-PROGulky.debug.xcconfig */,
				21187B8D3421F394D07BFCF9 /* Pods-PROGulky.release.xcconfig */,
				58E7993CE1E9FEA6918FB4A0 /* Pods-PROGulky-PROGulkyUITests.debug.xcconfig */,
				7B75FE0EEE7FB454AF1C447E /* Pods-PROGulky-PROGulkyUITests.release.xcconfig */,
				CFDDE708759E91C3DAAF5D4B /* Pods-PROGulkyTests.debug.xcconfig */,
				0EE2A2A64B50B5A2E674BC1C /* Pods-PROGulkyTests.release.xcconfig */,
			);
			path = Pods;
			sourceTree = "<group>";
		};
		CF24E157551930C5E39C189F /* Profile */ = {
			isa = PBXGroup;
			children = (
				AF45B98F976FA4A53DAD4EEF /* View */,
				34BBB1E5F70D9CF8EDF68B78 /* Presenter */,
				E2A5C7E3B66E94E250659396 /* Interactor */,
				5000E24F453BFF891EE388C8 /* Router */,
				DF1023A1984E3AD4841DB0C5 /* ProfileBuilder.swift */,
			);
			name = Profile;
			path = Profile;
			sourceTree = "<group>";
		};
		D610EE7BF1BAD6B086797364 /* Frameworks */ = {
			isa = PBXGroup;
			children = (
				E7711D3215AEA6858BA1E5F2 /* Pods_PROGulky.framework */,
				196CD9E7D60C62C707DE1A28 /* Pods_PROGulky_PROGulkyUITests.framework */,
				2BAB88022D3C14B5B7EBECB4 /* Pods_PROGulkyTests.framework */,
			);
			name = Frameworks;
			sourceTree = "<group>";
		};
		E2A5C7E3B66E94E250659396 /* Interactor */ = {
			isa = PBXGroup;
			children = (
				6DE36CAA8C99CE8FA62D79F5 /* ProfileInteractorIO.swift */,
				4B16741CC48F86627C2AE6A8 /* ProfileInteractor.swift */,
			);
			name = Interactor;
			path = Interactor;
			sourceTree = "<group>";
		};
		E49DC7FC06911393FBC24C28 /* View */ = {
			isa = PBXGroup;
			children = (
				4EC67223F3D7D3CF1456365D /* AddPlaceViewIO.swift */,
				C02B6B548904BF9243B745D8 /* AddPlaceViewController.swift */,
			);
			name = View;
			path = View;
			sourceTree = "<group>";
		};
		E77DD55B27C3A4DB3B1007BB /* Modules */ = {
			isa = PBXGroup;
			children = (
				24759421C5671EEE5633FDF8 /* ExcursionsList */,
				CF24E157551930C5E39C189F /* Profile */,
				AEDD74D256D8C8E79622EDB0 /* FavouritesExcursions */,
				7619C8553D3E83ADC89455CE /* DetailExcursion */,
				125D8E9A681E354B8140F71E /* AddExcursion */,
				9FE1DB18F9620455F84DDD0E /* AddPlace */,
				5521AF0EED2856EFD5BFF104 /* DetailPlace */,
			);
			name = Modules;
			path = Modules;
			sourceTree = "<group>";
		};
/* End PBXGroup section */

/* Begin PBXNativeTarget section */
		661A0D842902996D00312A0B /* PROGulky */ = {
			isa = PBXNativeTarget;
			buildConfigurationList = 661A0DAF2902996F00312A0B /* Build configuration list for PBXNativeTarget "PROGulky" */;
			buildPhases = (
				6CA58EBE8D25F699B739E8FF /* [CP] Check Pods Manifest.lock */,
				661A0D812902996D00312A0B /* Sources */,
				661A0D822902996D00312A0B /* Frameworks */,
				661A0D832902996D00312A0B /* Resources */,
				5A0E4B6449C266E74CD9A10C /* [CP] Embed Pods Frameworks */,
				661A0DB82902A63800312A0B /* SwiftLint */,
				661A0DBA2902A66700312A0B /* SwiftFormat */,
				ABBE6D6A311B130C66CED0C7 /* [CP] Copy Pods Resources */,
			);
			buildRules = (
			);
			dependencies = (
			);
			name = PROGulky;
			productName = PROGulky;
			productReference = 661A0D852902996D00312A0B /* PROGulky.app */;
			productType = "com.apple.product-type.application";
		};
		661A0D9A2902996F00312A0B /* PROGulkyTests */ = {
			isa = PBXNativeTarget;
			buildConfigurationList = 661A0DB22902996F00312A0B /* Build configuration list for PBXNativeTarget "PROGulkyTests" */;
			buildPhases = (
				826462878043992514C32F3F /* [CP] Check Pods Manifest.lock */,
				661A0D972902996F00312A0B /* Sources */,
				661A0D982902996F00312A0B /* Frameworks */,
				661A0D992902996F00312A0B /* Resources */,
			);
			buildRules = (
			);
			dependencies = (
				661A0D9D2902996F00312A0B /* PBXTargetDependency */,
			);
			name = PROGulkyTests;
			productName = PROGulkyTests;
			productReference = 661A0D9B2902996F00312A0B /* PROGulkyTests.xctest */;
			productType = "com.apple.product-type.bundle.unit-test";
		};
		661A0DA42902996F00312A0B /* PROGulkyUITests */ = {
			isa = PBXNativeTarget;
			buildConfigurationList = 661A0DB52902996F00312A0B /* Build configuration list for PBXNativeTarget "PROGulkyUITests" */;
			buildPhases = (
				4AAD977D8E016F284374F5D1 /* [CP] Check Pods Manifest.lock */,
				661A0DA12902996F00312A0B /* Sources */,
				661A0DA22902996F00312A0B /* Frameworks */,
				661A0DA32902996F00312A0B /* Resources */,
				14C01A78E1CEB040BFC42529 /* [CP] Embed Pods Frameworks */,
				640EB9C849C270A07B9496EC /* [CP] Copy Pods Resources */,
			);
			buildRules = (
			);
			dependencies = (
				661A0DA72902996F00312A0B /* PBXTargetDependency */,
			);
			name = PROGulkyUITests;
			productName = PROGulkyUITests;
			productReference = 661A0DA52902996F00312A0B /* PROGulkyUITests.xctest */;
			productType = "com.apple.product-type.bundle.ui-testing";
		};
/* End PBXNativeTarget section */

/* Begin PBXProject section */
		661A0D7D2902996D00312A0B /* Project object */ = {
			isa = PBXProject;
			attributes = {
				BuildIndependentTargetsInParallel = 1;
				LastSwiftUpdateCheck = 1400;
				LastUpgradeCheck = 1400;
				TargetAttributes = {
					661A0D842902996D00312A0B = {
						CreatedOnToolsVersion = 14.0.1;
					};
					661A0D9A2902996F00312A0B = {
						CreatedOnToolsVersion = 14.0.1;
						TestTargetID = 661A0D842902996D00312A0B;
					};
					661A0DA42902996F00312A0B = {
						CreatedOnToolsVersion = 14.0.1;
						TestTargetID = 661A0D842902996D00312A0B;
					};
				};
			};
			buildConfigurationList = 661A0D802902996D00312A0B /* Build configuration list for PBXProject "PROGulky" */;
			compatibilityVersion = "Xcode 14.0";
			developmentRegion = en;
			hasScannedForEncodings = 0;
			knownRegions = (
				en,
				Base,
			);
			mainGroup = 661A0D7C2902996D00312A0B;
			productRefGroup = 661A0D862902996D00312A0B /* Products */;
			projectDirPath = "";
			projectRoot = "";
			targets = (
				661A0D842902996D00312A0B /* PROGulky */,
				661A0D9A2902996F00312A0B /* PROGulkyTests */,
				661A0DA42902996F00312A0B /* PROGulkyUITests */,
			);
		};
/* End PBXProject section */

/* Begin PBXResourcesBuildPhase section */
		661A0D832902996D00312A0B /* Resources */ = {
			isa = PBXResourcesBuildPhase;
			buildActionMask = 2147483647;
			files = (
				661A0D952902996E00312A0B /* LaunchScreen.storyboard in Resources */,
				661A0D922902996E00312A0B /* Assets.xcassets in Resources */,
				661A0D902902996D00312A0B /* Main.storyboard in Resources */,
			);
			runOnlyForDeploymentPostprocessing = 0;
		};
		661A0D992902996F00312A0B /* Resources */ = {
			isa = PBXResourcesBuildPhase;
			buildActionMask = 2147483647;
			files = (
			);
			runOnlyForDeploymentPostprocessing = 0;
		};
		661A0DA32902996F00312A0B /* Resources */ = {
			isa = PBXResourcesBuildPhase;
			buildActionMask = 2147483647;
			files = (
			);
			runOnlyForDeploymentPostprocessing = 0;
		};
/* End PBXResourcesBuildPhase section */

/* Begin PBXShellScriptBuildPhase section */
		14C01A78E1CEB040BFC42529 /* [CP] Embed Pods Frameworks */ = {
			isa = PBXShellScriptBuildPhase;
			buildActionMask = 2147483647;
			files = (
			);
			inputFileListPaths = (
				"${PODS_ROOT}/Target Support Files/Pods-PROGulky-PROGulkyUITests/Pods-PROGulky-PROGulkyUITests-frameworks-${CONFIGURATION}-input-files.xcfilelist",
			);
			name = "[CP] Embed Pods Frameworks";
			outputFileListPaths = (
				"${PODS_ROOT}/Target Support Files/Pods-PROGulky-PROGulkyUITests/Pods-PROGulky-PROGulkyUITests-frameworks-${CONFIGURATION}-output-files.xcfilelist",
			);
			runOnlyForDeploymentPostprocessing = 0;
			shellPath = /bin/sh;
			shellScript = "\"${PODS_ROOT}/Target Support Files/Pods-PROGulky-PROGulkyUITests/Pods-PROGulky-PROGulkyUITests-frameworks.sh\"\n";
			showEnvVarsInLog = 0;
		};
		4AAD977D8E016F284374F5D1 /* [CP] Check Pods Manifest.lock */ = {
			isa = PBXShellScriptBuildPhase;
			buildActionMask = 2147483647;
			files = (
			);
			inputFileListPaths = (
			);
			inputPaths = (
				"${PODS_PODFILE_DIR_PATH}/Podfile.lock",
				"${PODS_ROOT}/Manifest.lock",
			);
			name = "[CP] Check Pods Manifest.lock";
			outputFileListPaths = (
			);
			outputPaths = (
				"$(DERIVED_FILE_DIR)/Pods-PROGulky-PROGulkyUITests-checkManifestLockResult.txt",
			);
			runOnlyForDeploymentPostprocessing = 0;
			shellPath = /bin/sh;
			shellScript = "diff \"${PODS_PODFILE_DIR_PATH}/Podfile.lock\" \"${PODS_ROOT}/Manifest.lock\" > /dev/null\nif [ $? != 0 ] ; then\n    # print error to STDERR\n    echo \"error: The sandbox is not in sync with the Podfile.lock. Run 'pod install' or update your CocoaPods installation.\" >&2\n    exit 1\nfi\n# This output is used by Xcode 'outputs' to avoid re-running this script phase.\necho \"SUCCESS\" > \"${SCRIPT_OUTPUT_FILE_0}\"\n";
			showEnvVarsInLog = 0;
		};
		5A0E4B6449C266E74CD9A10C /* [CP] Embed Pods Frameworks */ = {
			isa = PBXShellScriptBuildPhase;
			buildActionMask = 2147483647;
			files = (
			);
			inputFileListPaths = (
				"${PODS_ROOT}/Target Support Files/Pods-PROGulky/Pods-PROGulky-frameworks-${CONFIGURATION}-input-files.xcfilelist",
			);
			name = "[CP] Embed Pods Frameworks";
			outputFileListPaths = (
				"${PODS_ROOT}/Target Support Files/Pods-PROGulky/Pods-PROGulky-frameworks-${CONFIGURATION}-output-files.xcfilelist",
			);
			runOnlyForDeploymentPostprocessing = 0;
			shellPath = /bin/sh;
			shellScript = "\"${PODS_ROOT}/Target Support Files/Pods-PROGulky/Pods-PROGulky-frameworks.sh\"\n";
			showEnvVarsInLog = 0;
		};
		640EB9C849C270A07B9496EC /* [CP] Copy Pods Resources */ = {
			isa = PBXShellScriptBuildPhase;
			buildActionMask = 2147483647;
			files = (
			);
			inputFileListPaths = (
				"${PODS_ROOT}/Target Support Files/Pods-PROGulky-PROGulkyUITests/Pods-PROGulky-PROGulkyUITests-resources-${CONFIGURATION}-input-files.xcfilelist",
			);
			name = "[CP] Copy Pods Resources";
			outputFileListPaths = (
				"${PODS_ROOT}/Target Support Files/Pods-PROGulky-PROGulkyUITests/Pods-PROGulky-PROGulkyUITests-resources-${CONFIGURATION}-output-files.xcfilelist",
			);
			runOnlyForDeploymentPostprocessing = 0;
			shellPath = /bin/sh;
			shellScript = "\"${PODS_ROOT}/Target Support Files/Pods-PROGulky-PROGulkyUITests/Pods-PROGulky-PROGulkyUITests-resources.sh\"\n";
			showEnvVarsInLog = 0;
		};
		661A0DB82902A63800312A0B /* SwiftLint */ = {
			isa = PBXShellScriptBuildPhase;
			alwaysOutOfDate = 1;
			buildActionMask = 2147483647;
			files = (
			);
			inputFileListPaths = (
			);
			inputPaths = (
			);
			name = SwiftLint;
			outputFileListPaths = (
			);
			outputPaths = (
			);
			runOnlyForDeploymentPostprocessing = 0;
			shellPath = /bin/sh;
			shellScript = "if which ${PODS_ROOT}/SwiftLint/swiftlint > /dev/null; then\n  ${PODS_ROOT}/SwiftLint/swiftlint\nelse\n  echo \"warning: SwiftLint not installed, download from https://github.com/realm/SwiftLint\"\nfi\n";
		};
		661A0DBA2902A66700312A0B /* SwiftFormat */ = {
			isa = PBXShellScriptBuildPhase;
			alwaysOutOfDate = 1;
			buildActionMask = 2147483647;
			files = (
			);
			inputFileListPaths = (
			);
			inputPaths = (
				"$(SRCROOT)/config.swiftformat",
			);
			name = SwiftFormat;
			outputFileListPaths = (
			);
			outputPaths = (
			);
			runOnlyForDeploymentPostprocessing = 0;
			shellPath = /bin/sh;
			shellScript = "if which ${PODS_ROOT}/SwiftFormat/CommandLineTool/swiftformat > /dev/null; then\n  ${PODS_ROOT}/SwiftFormat/CommandLineTool/swiftformat $SRCROOT --config config.swiftformat\nelse\n  echo \"warning: SwiftFormat not installed\"\nfi\n";
		};
		6CA58EBE8D25F699B739E8FF /* [CP] Check Pods Manifest.lock */ = {
			isa = PBXShellScriptBuildPhase;
			buildActionMask = 2147483647;
			files = (
			);
			inputFileListPaths = (
			);
			inputPaths = (
				"${PODS_PODFILE_DIR_PATH}/Podfile.lock",
				"${PODS_ROOT}/Manifest.lock",
			);
			name = "[CP] Check Pods Manifest.lock";
			outputFileListPaths = (
			);
			outputPaths = (
				"$(DERIVED_FILE_DIR)/Pods-PROGulky-checkManifestLockResult.txt",
			);
			runOnlyForDeploymentPostprocessing = 0;
			shellPath = /bin/sh;
			shellScript = "diff \"${PODS_PODFILE_DIR_PATH}/Podfile.lock\" \"${PODS_ROOT}/Manifest.lock\" > /dev/null\nif [ $? != 0 ] ; then\n    # print error to STDERR\n    echo \"error: The sandbox is not in sync with the Podfile.lock. Run 'pod install' or update your CocoaPods installation.\" >&2\n    exit 1\nfi\n# This output is used by Xcode 'outputs' to avoid re-running this script phase.\necho \"SUCCESS\" > \"${SCRIPT_OUTPUT_FILE_0}\"\n";
			showEnvVarsInLog = 0;
		};
		826462878043992514C32F3F /* [CP] Check Pods Manifest.lock */ = {
			isa = PBXShellScriptBuildPhase;
			buildActionMask = 2147483647;
			files = (
			);
			inputFileListPaths = (
			);
			inputPaths = (
				"${PODS_PODFILE_DIR_PATH}/Podfile.lock",
				"${PODS_ROOT}/Manifest.lock",
			);
			name = "[CP] Check Pods Manifest.lock";
			outputFileListPaths = (
			);
			outputPaths = (
				"$(DERIVED_FILE_DIR)/Pods-PROGulkyTests-checkManifestLockResult.txt",
			);
			runOnlyForDeploymentPostprocessing = 0;
			shellPath = /bin/sh;
			shellScript = "diff \"${PODS_PODFILE_DIR_PATH}/Podfile.lock\" \"${PODS_ROOT}/Manifest.lock\" > /dev/null\nif [ $? != 0 ] ; then\n    # print error to STDERR\n    echo \"error: The sandbox is not in sync with the Podfile.lock. Run 'pod install' or update your CocoaPods installation.\" >&2\n    exit 1\nfi\n# This output is used by Xcode 'outputs' to avoid re-running this script phase.\necho \"SUCCESS\" > \"${SCRIPT_OUTPUT_FILE_0}\"\n";
			showEnvVarsInLog = 0;
		};
		ABBE6D6A311B130C66CED0C7 /* [CP] Copy Pods Resources */ = {
			isa = PBXShellScriptBuildPhase;
			buildActionMask = 2147483647;
			files = (
			);
			inputFileListPaths = (
				"${PODS_ROOT}/Target Support Files/Pods-PROGulky/Pods-PROGulky-resources-${CONFIGURATION}-input-files.xcfilelist",
			);
			name = "[CP] Copy Pods Resources";
			outputFileListPaths = (
				"${PODS_ROOT}/Target Support Files/Pods-PROGulky/Pods-PROGulky-resources-${CONFIGURATION}-output-files.xcfilelist",
			);
			runOnlyForDeploymentPostprocessing = 0;
			shellPath = /bin/sh;
			shellScript = "\"${PODS_ROOT}/Target Support Files/Pods-PROGulky/Pods-PROGulky-resources.sh\"\n";
			showEnvVarsInLog = 0;
		};
/* End PBXShellScriptBuildPhase section */

/* Begin PBXSourcesBuildPhase section */
		661A0D812902996D00312A0B /* Sources */ = {
			isa = PBXSourcesBuildPhase;
			buildActionMask = 2147483647;
			files = (
				661A0D8D2902996D00312A0B /* ViewController.swift in Sources */,
				661A0D892902996D00312A0B /* AppDelegate.swift in Sources */,
				CA16E5FF3470878ABCAD8F11 /* ExcursionsListViewIO.swift in Sources */,
				A6870B67FEAA859C2BBA0908 /* ExcursionsListViewController.swift in Sources */,
				41F7A17B895BE5DF38BCC83C /* ExcursionsListModuleIO.swift in Sources */,
				23D03DB6FC1C2101E327923A /* ExcursionsListPresenter.swift in Sources */,
				4FF78E5B66DB288D78967914 /* ExcursionsListInteractorIO.swift in Sources */,
				DD491B525EE911A4E7C8429F /* ExcursionsListInteractor.swift in Sources */,
				F83E1A9F4C1F8D6516201126 /* ExcursionsListRouterInput.swift in Sources */,
				1D19F4AB810FE4440C1F30EF /* ExcursionsListRouter.swift in Sources */,
				94D58836216B679A692591E0 /* ExcursionsListBuilder.swift in Sources */,
				0847232626A75B9FF101F402 /* ProfileViewIO.swift in Sources */,
				147E3B43F41E35D149EB3E41 /* ProfileViewController.swift in Sources */,
				C364355ABC98A250C6D85467 /* ProfileModuleIO.swift in Sources */,
				527308AC21EE31AD2021C736 /* ProfilePresenter.swift in Sources */,
				F055DE90C634E09F51679CD7 /* ProfileInteractorIO.swift in Sources */,
				B997C151DD955FC5AFD51B77 /* ProfileInteractor.swift in Sources */,
				91A3262CA89266F64C125380 /* ProfileRouterInput.swift in Sources */,
				A6ACA2679B16F08F548F337C /* ProfileRouter.swift in Sources */,
				CBD0B55BA488383EBB017ECB /* ProfileBuilder.swift in Sources */,
				10F870708172AC94BED055CD /* FavouritesExcursionsViewIO.swift in Sources */,
				D881BF6CBAF8E07985F93B19 /* FavouritesExcursionsViewController.swift in Sources */,
				6884644A93D5EB0CEBEEE732 /* FavouritesExcursionsModuleIO.swift in Sources */,
				E9F972D6925AAE35541A6A7A /* FavouritesExcursionsPresenter.swift in Sources */,
				E440B3CED1731E9DAC92FF12 /* FavouritesExcursionsInteractorIO.swift in Sources */,
				AC2B243C7837A2D1C337F656 /* FavouritesExcursionsInteractor.swift in Sources */,
				DF2C602FDD54CFA3AF88934A /* FavouritesExcursionsRouterInput.swift in Sources */,
				1CBF00DD0C0FABDE6D041683 /* FavouritesExcursionsRouter.swift in Sources */,
				A7F41217646CB99E82D8B7BF /* FavouritesExcursionsBuilder.swift in Sources */,
				E655FF225A9C3D22426923E3 /* DetailExcursionViewIO.swift in Sources */,
				F2C92852DA10723516E8E6EF /* DetailExcursionViewController.swift in Sources */,
				3F5656DA5D90C769DFA30064 /* DetailExcursionModuleIO.swift in Sources */,
				EA7635CC63622276E58EC987 /* DetailExcursionPresenter.swift in Sources */,
				5402F408D6CF6940CF013078 /* DetailExcursionInteractorIO.swift in Sources */,
				4D431C4CFA090AAF737BFDA6 /* DetailExcursionInteractor.swift in Sources */,
				4F067BBCAC8AC547A90F181F /* DetailExcursionRouterInput.swift in Sources */,
				5B52A8B4700F3BF1D6EEB611 /* DetailExcursionRouter.swift in Sources */,
				AA0CDCA2C8678A5E183D4C84 /* DetailExcursionBuilder.swift in Sources */,
				F4A76012F97C4A709AAA3C14 /* AddExcursionViewIO.swift in Sources */,
				0F421E73CE8F4E9691E36D01 /* AddExcursionViewController.swift in Sources */,
				082089B7A9D25203031384D5 /* AddExcursionModuleIO.swift in Sources */,
				E1F490979D6E53196362D9CE /* AddExcursionPresenter.swift in Sources */,
				B8F0BCCE71C38DB82043139E /* AddExcursionInteractorIO.swift in Sources */,
				8260001A1AB8D66D8579165D /* AddExcursionInteractor.swift in Sources */,
				EA199F26C13F660480AB25F2 /* AddExcursionRouterInput.swift in Sources */,
				299510472DBF964EB8EA7653 /* AddExcursionRouter.swift in Sources */,
				32D4B819311BDCB18E162ECF /* AddExcursionBuilder.swift in Sources */,
				0CDD72663D40FC7741EC5506 /* AddPlaceViewIO.swift in Sources */,
				B034A94B89A9375743C132B8 /* AddPlaceViewController.swift in Sources */,
				61FDF8207F3152E8332214CC /* AddPlaceModuleIO.swift in Sources */,
				B0C9C9A977E77116B4F0C7A1 /* AddPlacePresenter.swift in Sources */,
				5BE2E3B7FD57AD6E1FBD0D23 /* AddPlaceInteractorIO.swift in Sources */,
				4CC686E424266FF8BF1249B4 /* AddPlaceInteractor.swift in Sources */,
				E72261714744A55D4417AC1C /* AddPlaceRouterInput.swift in Sources */,
				7662A63312813E510FDB7DE7 /* AddPlaceRouter.swift in Sources */,
				01E841AC7DA27A19B18FA460 /* AddPlaceBuilder.swift in Sources */,
				36C36310E3B7177102A045F2 /* DetailPlaceViewIO.swift in Sources */,
				39F7D4E76F289DB67B886E4F /* DetailPlaceViewController.swift in Sources */,
				60AF57BFC01EC107BB9136A0 /* DetailPlaceModuleIO.swift in Sources */,
				655B60CD5F361A727A7F17AE /* DetailPlacePresenter.swift in Sources */,
				58650139389367223C2EFB8B /* DetailPlaceInteractorIO.swift in Sources */,
				2B1C02734BC120EC3252A924 /* DetailPlaceInteractor.swift in Sources */,
				7E3B8C8C195150120F38D847 /* DetailPlaceRouterInput.swift in Sources */,
				25870E6F8BEFEB2F31531204 /* DetailPlaceRouter.swift in Sources */,
				80135A7F2F9E2095875F9983 /* DetailPlaceBuilder.swift in Sources */,
			);
			runOnlyForDeploymentPostprocessing = 0;
		};
		661A0D972902996F00312A0B /* Sources */ = {
			isa = PBXSourcesBuildPhase;
			buildActionMask = 2147483647;
			files = (
				661A0DA02902996F00312A0B /* PROGulkyTests.swift in Sources */,
			);
			runOnlyForDeploymentPostprocessing = 0;
		};
		661A0DA12902996F00312A0B /* Sources */ = {
			isa = PBXSourcesBuildPhase;
			buildActionMask = 2147483647;
			files = (
				661A0DAC2902996F00312A0B /* PROGulkyUITestsLaunchTests.swift in Sources */,
				661A0DAA2902996F00312A0B /* PROGulkyUITests.swift in Sources */,
			);
			runOnlyForDeploymentPostprocessing = 0;
		};
/* End PBXSourcesBuildPhase section */

/* Begin PBXTargetDependency section */
		661A0D9D2902996F00312A0B /* PBXTargetDependency */ = {
			isa = PBXTargetDependency;
			target = 661A0D842902996D00312A0B /* PROGulky */;
			targetProxy = 661A0D9C2902996F00312A0B /* PBXContainerItemProxy */;
		};
		661A0DA72902996F00312A0B /* PBXTargetDependency */ = {
			isa = PBXTargetDependency;
			target = 661A0D842902996D00312A0B /* PROGulky */;
			targetProxy = 661A0DA62902996F00312A0B /* PBXContainerItemProxy */;
		};
/* End PBXTargetDependency section */

/* Begin PBXVariantGroup section */
		661A0D8E2902996D00312A0B /* Main.storyboard */ = {
			isa = PBXVariantGroup;
			children = (
				661A0D8F2902996D00312A0B /* Base */,
			);
			name = Main.storyboard;
			sourceTree = "<group>";
		};
		661A0D932902996E00312A0B /* LaunchScreen.storyboard */ = {
			isa = PBXVariantGroup;
			children = (
				661A0D942902996E00312A0B /* Base */,
			);
			name = LaunchScreen.storyboard;
			sourceTree = "<group>";
		};
/* End PBXVariantGroup section */

/* Begin XCBuildConfiguration section */
		661A0DAD2902996F00312A0B /* Debug */ = {
			isa = XCBuildConfiguration;
			buildSettings = {
				ALWAYS_SEARCH_USER_PATHS = NO;
				CLANG_ANALYZER_NONNULL = YES;
				CLANG_ANALYZER_NUMBER_OBJECT_CONVERSION = YES_AGGRESSIVE;
				CLANG_CXX_LANGUAGE_STANDARD = "gnu++20";
				CLANG_ENABLE_MODULES = YES;
				CLANG_ENABLE_OBJC_ARC = YES;
				CLANG_ENABLE_OBJC_WEAK = YES;
				CLANG_WARN_BLOCK_CAPTURE_AUTORELEASING = YES;
				CLANG_WARN_BOOL_CONVERSION = YES;
				CLANG_WARN_COMMA = YES;
				CLANG_WARN_CONSTANT_CONVERSION = YES;
				CLANG_WARN_DEPRECATED_OBJC_IMPLEMENTATIONS = YES;
				CLANG_WARN_DIRECT_OBJC_ISA_USAGE = YES_ERROR;
				CLANG_WARN_DOCUMENTATION_COMMENTS = YES;
				CLANG_WARN_EMPTY_BODY = YES;
				CLANG_WARN_ENUM_CONVERSION = YES;
				CLANG_WARN_INFINITE_RECURSION = YES;
				CLANG_WARN_INT_CONVERSION = YES;
				CLANG_WARN_NON_LITERAL_NULL_CONVERSION = YES;
				CLANG_WARN_OBJC_IMPLICIT_RETAIN_SELF = YES;
				CLANG_WARN_OBJC_LITERAL_CONVERSION = YES;
				CLANG_WARN_OBJC_ROOT_CLASS = YES_ERROR;
				CLANG_WARN_QUOTED_INCLUDE_IN_FRAMEWORK_HEADER = YES;
				CLANG_WARN_RANGE_LOOP_ANALYSIS = YES;
				CLANG_WARN_STRICT_PROTOTYPES = YES;
				CLANG_WARN_SUSPICIOUS_MOVE = YES;
				CLANG_WARN_UNGUARDED_AVAILABILITY = YES_AGGRESSIVE;
				CLANG_WARN_UNREACHABLE_CODE = YES;
				CLANG_WARN__DUPLICATE_METHOD_MATCH = YES;
				COPY_PHASE_STRIP = NO;
				DEBUG_INFORMATION_FORMAT = dwarf;
				ENABLE_STRICT_OBJC_MSGSEND = YES;
				ENABLE_TESTABILITY = YES;
				GCC_C_LANGUAGE_STANDARD = gnu11;
				GCC_DYNAMIC_NO_PIC = NO;
				GCC_NO_COMMON_BLOCKS = YES;
				GCC_OPTIMIZATION_LEVEL = 0;
				GCC_PREPROCESSOR_DEFINITIONS = (
					"DEBUG=1",
					"$(inherited)",
				);
				GCC_WARN_64_TO_32_BIT_CONVERSION = YES;
				GCC_WARN_ABOUT_RETURN_TYPE = YES_ERROR;
				GCC_WARN_UNDECLARED_SELECTOR = YES;
				GCC_WARN_UNINITIALIZED_AUTOS = YES_AGGRESSIVE;
				GCC_WARN_UNUSED_FUNCTION = YES;
				GCC_WARN_UNUSED_VARIABLE = YES;
				IPHONEOS_DEPLOYMENT_TARGET = 16.0;
				MTL_ENABLE_DEBUG_INFO = INCLUDE_SOURCE;
				MTL_FAST_MATH = YES;
				ONLY_ACTIVE_ARCH = YES;
				SDKROOT = iphoneos;
				SWIFT_ACTIVE_COMPILATION_CONDITIONS = DEBUG;
				SWIFT_OPTIMIZATION_LEVEL = "-Onone";
			};
			name = Debug;
		};
		661A0DAE2902996F00312A0B /* Release */ = {
			isa = XCBuildConfiguration;
			buildSettings = {
				ALWAYS_SEARCH_USER_PATHS = NO;
				CLANG_ANALYZER_NONNULL = YES;
				CLANG_ANALYZER_NUMBER_OBJECT_CONVERSION = YES_AGGRESSIVE;
				CLANG_CXX_LANGUAGE_STANDARD = "gnu++20";
				CLANG_ENABLE_MODULES = YES;
				CLANG_ENABLE_OBJC_ARC = YES;
				CLANG_ENABLE_OBJC_WEAK = YES;
				CLANG_WARN_BLOCK_CAPTURE_AUTORELEASING = YES;
				CLANG_WARN_BOOL_CONVERSION = YES;
				CLANG_WARN_COMMA = YES;
				CLANG_WARN_CONSTANT_CONVERSION = YES;
				CLANG_WARN_DEPRECATED_OBJC_IMPLEMENTATIONS = YES;
				CLANG_WARN_DIRECT_OBJC_ISA_USAGE = YES_ERROR;
				CLANG_WARN_DOCUMENTATION_COMMENTS = YES;
				CLANG_WARN_EMPTY_BODY = YES;
				CLANG_WARN_ENUM_CONVERSION = YES;
				CLANG_WARN_INFINITE_RECURSION = YES;
				CLANG_WARN_INT_CONVERSION = YES;
				CLANG_WARN_NON_LITERAL_NULL_CONVERSION = YES;
				CLANG_WARN_OBJC_IMPLICIT_RETAIN_SELF = YES;
				CLANG_WARN_OBJC_LITERAL_CONVERSION = YES;
				CLANG_WARN_OBJC_ROOT_CLASS = YES_ERROR;
				CLANG_WARN_QUOTED_INCLUDE_IN_FRAMEWORK_HEADER = YES;
				CLANG_WARN_RANGE_LOOP_ANALYSIS = YES;
				CLANG_WARN_STRICT_PROTOTYPES = YES;
				CLANG_WARN_SUSPICIOUS_MOVE = YES;
				CLANG_WARN_UNGUARDED_AVAILABILITY = YES_AGGRESSIVE;
				CLANG_WARN_UNREACHABLE_CODE = YES;
				CLANG_WARN__DUPLICATE_METHOD_MATCH = YES;
				COPY_PHASE_STRIP = NO;
				DEBUG_INFORMATION_FORMAT = "dwarf-with-dsym";
				ENABLE_NS_ASSERTIONS = NO;
				ENABLE_STRICT_OBJC_MSGSEND = YES;
				GCC_C_LANGUAGE_STANDARD = gnu11;
				GCC_NO_COMMON_BLOCKS = YES;
				GCC_WARN_64_TO_32_BIT_CONVERSION = YES;
				GCC_WARN_ABOUT_RETURN_TYPE = YES_ERROR;
				GCC_WARN_UNDECLARED_SELECTOR = YES;
				GCC_WARN_UNINITIALIZED_AUTOS = YES_AGGRESSIVE;
				GCC_WARN_UNUSED_FUNCTION = YES;
				GCC_WARN_UNUSED_VARIABLE = YES;
				IPHONEOS_DEPLOYMENT_TARGET = 16.0;
				MTL_ENABLE_DEBUG_INFO = NO;
				MTL_FAST_MATH = YES;
				SDKROOT = iphoneos;
				SWIFT_COMPILATION_MODE = wholemodule;
				SWIFT_OPTIMIZATION_LEVEL = "-O";
				VALIDATE_PRODUCT = YES;
			};
			name = Release;
		};
		661A0DB02902996F00312A0B /* Debug */ = {
			isa = XCBuildConfiguration;
			baseConfigurationReference = D9932DB019F3712955AC5C2B /* Pods-PROGulky.debug.xcconfig */;
			buildSettings = {
				ASSETCATALOG_COMPILER_APPICON_NAME = AppIcon;
				ASSETCATALOG_COMPILER_GLOBAL_ACCENT_COLOR_NAME = AccentColor;
				CODE_SIGN_STYLE = Automatic;
				CURRENT_PROJECT_VERSION = 1;
				DEVELOPMENT_TEAM = 3WS598669J;
				GENERATE_INFOPLIST_FILE = YES;
				INFOPLIST_FILE = PROGulky/Info.plist;
				INFOPLIST_KEY_UIApplicationSupportsIndirectInputEvents = YES;
				INFOPLIST_KEY_UILaunchStoryboardName = LaunchScreen;
				INFOPLIST_KEY_UISupportedInterfaceOrientations_iPad = "UIInterfaceOrientationPortrait UIInterfaceOrientationPortraitUpsideDown UIInterfaceOrientationLandscapeLeft UIInterfaceOrientationLandscapeRight";
				INFOPLIST_KEY_UISupportedInterfaceOrientations_iPhone = "UIInterfaceOrientationPortrait UIInterfaceOrientationLandscapeLeft UIInterfaceOrientationLandscapeRight";
				LD_RUNPATH_SEARCH_PATHS = (
					"$(inherited)",
					"@executable_path/Frameworks",
				);
				MARKETING_VERSION = 1.0;
				PRODUCT_BUNDLE_IDENTIFIER = com.vk.education.PROGulky;
				PRODUCT_NAME = "$(TARGET_NAME)";
				SWIFT_EMIT_LOC_STRINGS = YES;
				SWIFT_VERSION = 5.0;
				TARGETED_DEVICE_FAMILY = "1,2";
			};
			name = Debug;
		};
		661A0DB12902996F00312A0B /* Release */ = {
			isa = XCBuildConfiguration;
			baseConfigurationReference = 21187B8D3421F394D07BFCF9 /* Pods-PROGulky.release.xcconfig */;
			buildSettings = {
				ASSETCATALOG_COMPILER_APPICON_NAME = AppIcon;
				ASSETCATALOG_COMPILER_GLOBAL_ACCENT_COLOR_NAME = AccentColor;
				CODE_SIGN_STYLE = Automatic;
				CURRENT_PROJECT_VERSION = 1;
				DEVELOPMENT_TEAM = 3WS598669J;
				GENERATE_INFOPLIST_FILE = YES;
				INFOPLIST_FILE = PROGulky/Info.plist;
				INFOPLIST_KEY_UIApplicationSupportsIndirectInputEvents = YES;
				INFOPLIST_KEY_UILaunchStoryboardName = LaunchScreen;
				INFOPLIST_KEY_UISupportedInterfaceOrientations_iPad = "UIInterfaceOrientationPortrait UIInterfaceOrientationPortraitUpsideDown UIInterfaceOrientationLandscapeLeft UIInterfaceOrientationLandscapeRight";
				INFOPLIST_KEY_UISupportedInterfaceOrientations_iPhone = "UIInterfaceOrientationPortrait UIInterfaceOrientationLandscapeLeft UIInterfaceOrientationLandscapeRight";
				LD_RUNPATH_SEARCH_PATHS = (
					"$(inherited)",
					"@executable_path/Frameworks",
				);
				MARKETING_VERSION = 1.0;
				PRODUCT_BUNDLE_IDENTIFIER = com.vk.education.PROGulky;
				PRODUCT_NAME = "$(TARGET_NAME)";
				SWIFT_EMIT_LOC_STRINGS = YES;
				SWIFT_VERSION = 5.0;
				TARGETED_DEVICE_FAMILY = "1,2";
			};
			name = Release;
		};
		661A0DB32902996F00312A0B /* Debug */ = {
			isa = XCBuildConfiguration;
			baseConfigurationReference = CFDDE708759E91C3DAAF5D4B /* Pods-PROGulkyTests.debug.xcconfig */;
			buildSettings = {
				BUNDLE_LOADER = "$(TEST_HOST)";
				CODE_SIGN_STYLE = Automatic;
				CURRENT_PROJECT_VERSION = 1;
				GENERATE_INFOPLIST_FILE = YES;
				IPHONEOS_DEPLOYMENT_TARGET = 16.0;
				MARKETING_VERSION = 1.0;
				PRODUCT_BUNDLE_IDENTIFIER = com.vk.education.PROGulkyTests;
				PRODUCT_NAME = "$(TARGET_NAME)";
				SWIFT_EMIT_LOC_STRINGS = NO;
				SWIFT_VERSION = 5.0;
				TARGETED_DEVICE_FAMILY = "1,2";
				TEST_HOST = "$(BUILT_PRODUCTS_DIR)/PROGulky.app/$(BUNDLE_EXECUTABLE_FOLDER_PATH)/PROGulky";
			};
			name = Debug;
		};
		661A0DB42902996F00312A0B /* Release */ = {
			isa = XCBuildConfiguration;
			baseConfigurationReference = 0EE2A2A64B50B5A2E674BC1C /* Pods-PROGulkyTests.release.xcconfig */;
			buildSettings = {
				BUNDLE_LOADER = "$(TEST_HOST)";
				CODE_SIGN_STYLE = Automatic;
				CURRENT_PROJECT_VERSION = 1;
				GENERATE_INFOPLIST_FILE = YES;
				IPHONEOS_DEPLOYMENT_TARGET = 16.0;
				MARKETING_VERSION = 1.0;
				PRODUCT_BUNDLE_IDENTIFIER = com.vk.education.PROGulkyTests;
				PRODUCT_NAME = "$(TARGET_NAME)";
				SWIFT_EMIT_LOC_STRINGS = NO;
				SWIFT_VERSION = 5.0;
				TARGETED_DEVICE_FAMILY = "1,2";
				TEST_HOST = "$(BUILT_PRODUCTS_DIR)/PROGulky.app/$(BUNDLE_EXECUTABLE_FOLDER_PATH)/PROGulky";
			};
			name = Release;
		};
		661A0DB62902996F00312A0B /* Debug */ = {
			isa = XCBuildConfiguration;
			baseConfigurationReference = 58E7993CE1E9FEA6918FB4A0 /* Pods-PROGulky-PROGulkyUITests.debug.xcconfig */;
			buildSettings = {
				CODE_SIGN_STYLE = Automatic;
				CURRENT_PROJECT_VERSION = 1;
				GENERATE_INFOPLIST_FILE = YES;
				MARKETING_VERSION = 1.0;
				PRODUCT_BUNDLE_IDENTIFIER = com.vk.education.PROGulkyUITests;
				PRODUCT_NAME = "$(TARGET_NAME)";
				SWIFT_EMIT_LOC_STRINGS = NO;
				SWIFT_VERSION = 5.0;
				TARGETED_DEVICE_FAMILY = "1,2";
				TEST_TARGET_NAME = PROGulky;
			};
			name = Debug;
		};
		661A0DB72902996F00312A0B /* Release */ = {
			isa = XCBuildConfiguration;
			baseConfigurationReference = 7B75FE0EEE7FB454AF1C447E /* Pods-PROGulky-PROGulkyUITests.release.xcconfig */;
			buildSettings = {
				CODE_SIGN_STYLE = Automatic;
				CURRENT_PROJECT_VERSION = 1;
				GENERATE_INFOPLIST_FILE = YES;
				MARKETING_VERSION = 1.0;
				PRODUCT_BUNDLE_IDENTIFIER = com.vk.education.PROGulkyUITests;
				PRODUCT_NAME = "$(TARGET_NAME)";
				SWIFT_EMIT_LOC_STRINGS = NO;
				SWIFT_VERSION = 5.0;
				TARGETED_DEVICE_FAMILY = "1,2";
				TEST_TARGET_NAME = PROGulky;
			};
			name = Release;
		};
/* End XCBuildConfiguration section */

/* Begin XCConfigurationList section */
		661A0D802902996D00312A0B /* Build configuration list for PBXProject "PROGulky" */ = {
			isa = XCConfigurationList;
			buildConfigurations = (
				661A0DAD2902996F00312A0B /* Debug */,
				661A0DAE2902996F00312A0B /* Release */,
			);
			defaultConfigurationIsVisible = 0;
			defaultConfigurationName = Release;
		};
		661A0DAF2902996F00312A0B /* Build configuration list for PBXNativeTarget "PROGulky" */ = {
			isa = XCConfigurationList;
			buildConfigurations = (
				661A0DB02902996F00312A0B /* Debug */,
				661A0DB12902996F00312A0B /* Release */,
			);
			defaultConfigurationIsVisible = 0;
			defaultConfigurationName = Release;
		};
		661A0DB22902996F00312A0B /* Build configuration list for PBXNativeTarget "PROGulkyTests" */ = {
			isa = XCConfigurationList;
			buildConfigurations = (
				661A0DB32902996F00312A0B /* Debug */,
				661A0DB42902996F00312A0B /* Release */,
			);
			defaultConfigurationIsVisible = 0;
			defaultConfigurationName = Release;
		};
		661A0DB52902996F00312A0B /* Build configuration list for PBXNativeTarget "PROGulkyUITests" */ = {
			isa = XCConfigurationList;
			buildConfigurations = (
				661A0DB62902996F00312A0B /* Debug */,
				661A0DB72902996F00312A0B /* Release */,
			);
			defaultConfigurationIsVisible = 0;
			defaultConfigurationName = Release;
		};
/* End XCConfigurationList section */
	};
	rootObject = 661A0D7D2902996D00312A0B /* Project object */;
}
