PODS:
  - SDWebImage (5.14.2):
    - SDWebImage/Core (= 5.14.2)
  - SDWebImage/Core (5.14.2)
  - SDWebImageSwiftUI (2.2.1):
    - SDWebImage (~> 5.10)
  - SnapKit (5.6.0)
  - SwiftFormat/CLI (0.49.9)
  - SwiftLint (0.47.1)
  - YandexMapsMobile (4.2.2-full)

DEPENDENCIES:
  - SDWebImage (~> 5.14)
  - SDWebImageSwiftUI (~> 2.2.1)
  - SnapKit (~> 5.6.0)
  - SwiftFormat/CLI (~> 0.49)
  - SwiftLint (~> 0.47.1)
  - YandexMapsMobile (= 4.2.2-full)

SPEC REPOS:
  trunk:
    - SDWebImage
    - SDWebImageSwiftUI
    - SnapKit
    - SwiftFormat
    - SwiftLint
    - YandexMapsMobile

SPEC CHECKSUMS:
  SDWebImage: b9a731e1d6307f44ca703b3976d18c24ca561e84
  SDWebImageSwiftUI: 2ecf5ab6f574526326b10ecb155e72a88059d0f0
  SnapKit: e01d52ebb8ddbc333eefe2132acf85c8227d9c25
  SwiftFormat: 016c15401d06959ef9f81d7956462e91f55b8ac5
  SwiftLint: f80f1be7fa96d30e0aa68e58d45d4ea1ccaac519
  YandexMapsMobile: 1fd5f86bc368ad6ba528b199f9477e4a26796567

PODFILE CHECKSUM: 167ed369b399f603f0d7fb98fce9425c7eec7a6a

COCOAPODS: 1.11.3
